// !$*UTF8*$!
{
	archiveVersion = 1;
	classes = {
	};
	objectVersion = 55;
	objects = {

/* Begin PBXBuildFile section */
		53F7CC8A26FE8BAE0005D88E /* LaunchListContentView.swift in Sources */ = {isa = PBXBuildFile; fileRef = 53F7CC8526FE8BAE0005D88E /* LaunchListContentView.swift */; };
		53F7CC8B26FE8BAE0005D88E /* LaunchListPresenter.swift in Sources */ = {isa = PBXBuildFile; fileRef = 53F7CC8626FE8BAE0005D88E /* LaunchListPresenter.swift */; };
		53F7CC8C26FE8BAE0005D88E /* LaunchListRouter.swift in Sources */ = {isa = PBXBuildFile; fileRef = 53F7CC8726FE8BAE0005D88E /* LaunchListRouter.swift */; };
		53F7CC8D26FE8BAE0005D88E /* LaunchListViewController.swift in Sources */ = {isa = PBXBuildFile; fileRef = 53F7CC8826FE8BAE0005D88E /* LaunchListViewController.swift */; };
		53F7CC8E26FE8BAE0005D88E /* LaunchListInteractor.swift in Sources */ = {isa = PBXBuildFile; fileRef = 53F7CC8926FE8BAE0005D88E /* LaunchListInteractor.swift */; };
		53F7CC9826FE8DBA0005D88E /* StartupProcess.swift in Sources */ = {isa = PBXBuildFile; fileRef = 53F7CC9726FE8DBA0005D88E /* StartupProcess.swift */; };
		53F7CC9A26FE8DCF0005D88E /* StartupProcessService.swift in Sources */ = {isa = PBXBuildFile; fileRef = 53F7CC9926FE8DCF0005D88E /* StartupProcessService.swift */; };
		53F7CC9C26FE8DDE0005D88E /* AppearanceCustomisationStartupProcess.swift in Sources */ = {isa = PBXBuildFile; fileRef = 53F7CC9B26FE8DDE0005D88E /* AppearanceCustomisationStartupProcess.swift */; };
		53F7CCA026FE8FE90005D88E /* NavigationBarSetupable.swift in Sources */ = {isa = PBXBuildFile; fileRef = 53F7CC9F26FE8FE90005D88E /* NavigationBarSetupable.swift */; };
		53F7CCA326FE90000005D88E /* SectionProtocol.swift in Sources */ = {isa = PBXBuildFile; fileRef = 53F7CCA226FE90000005D88E /* SectionProtocol.swift */; };
		53F7CCA526FE90270005D88E /* DataSourceProtocol.swift in Sources */ = {isa = PBXBuildFile; fileRef = 53F7CCA426FE90270005D88E /* DataSourceProtocol.swift */; };
		53F7CCA826FE90860005D88E /* Globals.swift in Sources */ = {isa = PBXBuildFile; fileRef = 53F7CCA726FE90860005D88E /* Globals.swift */; };
		53F7CCAA26FE90960005D88E /* ReusableView.swift in Sources */ = {isa = PBXBuildFile; fileRef = 53F7CCA926FE90960005D88E /* ReusableView.swift */; };
		53F7CCAE26FE90EB0005D88E /* Collection-SpaceX.swift in Sources */ = {isa = PBXBuildFile; fileRef = 53F7CCAD26FE90EB0005D88E /* Collection-SpaceX.swift */; };
		53F7CCB026FE91430005D88E /* String-SpaceX.swift in Sources */ = {isa = PBXBuildFile; fileRef = 53F7CCAF26FE91430005D88E /* String-SpaceX.swift */; };
		53F7CCB426FE91860005D88E /* UIAplication-SpaceX.swift in Sources */ = {isa = PBXBuildFile; fileRef = 53F7CCB326FE91860005D88E /* UIAplication-SpaceX.swift */; };
		53F7CCB626FE926D0005D88E /* UITableView-SpaceX.swift in Sources */ = {isa = PBXBuildFile; fileRef = 53F7CCB526FE926D0005D88E /* UITableView-SpaceX.swift */; };
		53F7CCC0270056E30005D88E /* LaunchListCell.swift in Sources */ = {isa = PBXBuildFile; fileRef = 53F7CCBF270056E30005D88E /* LaunchListCell.swift */; };
		53F7CCC227008CDE0005D88E /* UIView-SpaceX.swift in Sources */ = {isa = PBXBuildFile; fileRef = 53F7CCC127008CDE0005D88E /* UIView-SpaceX.swift */; };
		53F7CCC42700A2340005D88E /* LaunchListCompanyInfoCell.swift in Sources */ = {isa = PBXBuildFile; fileRef = 53F7CCC32700A2340005D88E /* LaunchListCompanyInfoCell.swift */; };
		53F7CCC72700A4E10005D88E /* HeaderView.swift in Sources */ = {isa = PBXBuildFile; fileRef = 53F7CCC62700A4E10005D88E /* HeaderView.swift */; };
		53F7CCCD2700C5A20005D88E /* LaunchListDataSource.swift in Sources */ = {isa = PBXBuildFile; fileRef = 53F7CCCC2700C5A20005D88E /* LaunchListDataSource.swift */; };
		53F7CCCF2700C7590005D88E /* TimeDateFormatter.swift in Sources */ = {isa = PBXBuildFile; fileRef = 53F7CCCE2700C7590005D88E /* TimeDateFormatter.swift */; };
		53F7CCD12700FF560005D88E /* LaunchListHeaderModel.swift in Sources */ = {isa = PBXBuildFile; fileRef = 53F7CCD02700FF560005D88E /* LaunchListHeaderModel.swift */; };
		53F7CCD5270155880005D88E /* AlertViewController.swift in Sources */ = {isa = PBXBuildFile; fileRef = 53F7CCD4270155880005D88E /* AlertViewController.swift */; };
		53F7CCD8270155B30005D88E /* AlertAction.swift in Sources */ = {isa = PBXBuildFile; fileRef = 53F7CCD7270155B30005D88E /* AlertAction.swift */; };
		53F7CCDA270157950005D88E /* AlertContentView.swift in Sources */ = {isa = PBXBuildFile; fileRef = 53F7CCD9270157950005D88E /* AlertContentView.swift */; };
		53F7CCDE270158D70005D88E /* StackedInfoView.swift in Sources */ = {isa = PBXBuildFile; fileRef = 53F7CCDD270158D70005D88E /* StackedInfoView.swift */; };
		53F7CCE127015B8C0005D88E /* AlertViewController-SpaceX.swift in Sources */ = {isa = PBXBuildFile; fileRef = 53F7CCE027015B8C0005D88E /* AlertViewController-SpaceX.swift */; };
		53F7CCE327015EB90005D88E /* AlertEnums.swift in Sources */ = {isa = PBXBuildFile; fileRef = 53F7CCE227015EB90005D88E /* AlertEnums.swift */; };
		53F7CCE5270160A60005D88E /* Router.swift in Sources */ = {isa = PBXBuildFile; fileRef = 53F7CCE4270160A60005D88E /* Router.swift */; };
		53F7CCE7270163750005D88E /* UIViewController-SpaceX.swift in Sources */ = {isa = PBXBuildFile; fileRef = 53F7CCE6270163750005D88E /* UIViewController-SpaceX.swift */; };
		53F7CCE92701B8510005D88E /* UIBarButton-SpaceX.swift in Sources */ = {isa = PBXBuildFile; fileRef = 53F7CCE82701B8510005D88E /* UIBarButton-SpaceX.swift */; };
		53F7CCF32701C04C0005D88E /* LaunchFiltersContentView.swift in Sources */ = {isa = PBXBuildFile; fileRef = 53F7CCEE2701C04C0005D88E /* LaunchFiltersContentView.swift */; };
		53F7CCF42701C04C0005D88E /* LaunchFiltersPresenter.swift in Sources */ = {isa = PBXBuildFile; fileRef = 53F7CCEF2701C04C0005D88E /* LaunchFiltersPresenter.swift */; };
		53F7CCF52701C04C0005D88E /* LaunchFiltersRouter.swift in Sources */ = {isa = PBXBuildFile; fileRef = 53F7CCF02701C04C0005D88E /* LaunchFiltersRouter.swift */; };
		53F7CCF62701C04C0005D88E /* LaunchFiltersViewController.swift in Sources */ = {isa = PBXBuildFile; fileRef = 53F7CCF12701C04C0005D88E /* LaunchFiltersViewController.swift */; };
		53F7CCF72701C04C0005D88E /* LaunchFiltersInteractor.swift in Sources */ = {isa = PBXBuildFile; fileRef = 53F7CCF22701C04C0005D88E /* LaunchFiltersInteractor.swift */; };
		53F7CCFB2701C3E20005D88E /* LaunchListFilters.swift in Sources */ = {isa = PBXBuildFile; fileRef = 53F7CCFA2701C3E20005D88E /* LaunchListFilters.swift */; };
		53F7CCFE2702744A0005D88E /* MessagePopupView.swift in Sources */ = {isa = PBXBuildFile; fileRef = 53F7CCFD2702744A0005D88E /* MessagePopupView.swift */; };
		53F7CD03270276A50005D88E /* MessagePopupViewEnum.swift in Sources */ = {isa = PBXBuildFile; fileRef = 53F7CD02270276A50005D88E /* MessagePopupViewEnum.swift */; };
		53F7CD05270277ED0005D88E /* MessagePopupViewPresentable.swift in Sources */ = {isa = PBXBuildFile; fileRef = 53F7CD04270277ED0005D88E /* MessagePopupViewPresentable.swift */; };
		53FD54D326FD0E2C00F43C9C /* AppDelegate.swift in Sources */ = {isa = PBXBuildFile; fileRef = 53FD54D226FD0E2C00F43C9C /* AppDelegate.swift */; };
		53FD54DC26FD0E2C00F43C9C /* Assets.xcassets in Resources */ = {isa = PBXBuildFile; fileRef = 53FD54DB26FD0E2C00F43C9C /* Assets.xcassets */; };
		53FD54DF26FD0E2C00F43C9C /* LaunchScreen.storyboard in Resources */ = {isa = PBXBuildFile; fileRef = 53FD54DD26FD0E2C00F43C9C /* LaunchScreen.storyboard */; };
		53FD54FB26FDD97D00F43C9C /* Assets.docc in Sources */ = {isa = PBXBuildFile; fileRef = 53FD54FA26FDD97D00F43C9C /* Assets.docc */; };
		53FD54FC26FDD97D00F43C9C /* Assets.h in Headers */ = {isa = PBXBuildFile; fileRef = 53FD54F926FDD97D00F43C9C /* Assets.h */; settings = {ATTRIBUTES = (Public, ); }; };
		53FD54FF26FDD97D00F43C9C /* Assets.framework in Frameworks */ = {isa = PBXBuildFile; fileRef = 53FD54F726FDD97D00F43C9C /* Assets.framework */; };
		53FD550026FDD97D00F43C9C /* Assets.framework in Embed Frameworks */ = {isa = PBXBuildFile; fileRef = 53FD54F726FDD97D00F43C9C /* Assets.framework */; settings = {ATTRIBUTES = (CodeSignOnCopy, RemoveHeadersOnCopy, ); }; };
		53FD550726FDD99300F43C9C /* Asset.swift in Sources */ = {isa = PBXBuildFile; fileRef = 53FD550626FDD99300F43C9C /* Asset.swift */; };
		53FD550B26FDDA4800F43C9C /* ColorAsset.swift in Sources */ = {isa = PBXBuildFile; fileRef = 53FD550A26FDDA4800F43C9C /* ColorAsset.swift */; };
		53FD550E26FDDC6500F43C9C /* ColorAssets.swift in Sources */ = {isa = PBXBuildFile; fileRef = 53FD550D26FDDC6500F43C9C /* ColorAssets.swift */; };
		53FD551026FDDDE400F43C9C /* Assets.xcassets in Resources */ = {isa = PBXBuildFile; fileRef = 53FD550F26FDDDE400F43C9C /* Assets.xcassets */; };
		53FD551326FDE29100F43C9C /* ColorDummy.swift in Sources */ = {isa = PBXBuildFile; fileRef = 53FD551226FDE29100F43C9C /* ColorDummy.swift */; };
		53FD551426FDE2E300F43C9C /* Assets.xcassets in Resources */ = {isa = PBXBuildFile; fileRef = 53FD550F26FDDDE400F43C9C /* Assets.xcassets */; };
		53FD551926FDEC1700F43C9C /* ImageAsset.swift in Sources */ = {isa = PBXBuildFile; fileRef = 53FD551826FDEC1700F43C9C /* ImageAsset.swift */; };
		53FD551B26FDED2300F43C9C /* ImageAssets.swift in Sources */ = {isa = PBXBuildFile; fileRef = 53FD551A26FDED2300F43C9C /* ImageAssets.swift */; };
		53FD551D26FDEF2A00F43C9C /* ImageDummy.swift in Sources */ = {isa = PBXBuildFile; fileRef = 53FD551C26FDEF2A00F43C9C /* ImageDummy.swift */; };
		53FD552226FDF28400F43C9C /* Font-SpaceX.swift in Sources */ = {isa = PBXBuildFile; fileRef = 53FD552126FDF28400F43C9C /* Font-SpaceX.swift */; };
		53FD552626FDF35700F43C9C /* SFPro-Bold.OTF in Resources */ = {isa = PBXBuildFile; fileRef = 53FD552326FDF35700F43C9C /* SFPro-Bold.OTF */; };
		53FD552726FDF35700F43C9C /* SFPro-Medium.OTF in Resources */ = {isa = PBXBuildFile; fileRef = 53FD552426FDF35700F43C9C /* SFPro-Medium.OTF */; };
		53FD552826FDF35700F43C9C /* SFPro-Regular.OTF in Resources */ = {isa = PBXBuildFile; fileRef = 53FD552526FDF35700F43C9C /* SFPro-Regular.OTF */; };
		53FD552926FDF36000F43C9C /* SFPro-Regular.OTF in Resources */ = {isa = PBXBuildFile; fileRef = 53FD552526FDF35700F43C9C /* SFPro-Regular.OTF */; };
		53FD552A26FDF36000F43C9C /* SFPro-Medium.OTF in Resources */ = {isa = PBXBuildFile; fileRef = 53FD552426FDF35700F43C9C /* SFPro-Medium.OTF */; };
		53FD552B26FDF36000F43C9C /* SFPro-Bold.OTF in Resources */ = {isa = PBXBuildFile; fileRef = 53FD552326FDF35700F43C9C /* SFPro-Bold.OTF */; };
		53FD553926FDFAAC00F43C9C /* Model.docc in Sources */ = {isa = PBXBuildFile; fileRef = 53FD553826FDFAAC00F43C9C /* Model.docc */; };
		53FD553A26FDFAAC00F43C9C /* Model.h in Headers */ = {isa = PBXBuildFile; fileRef = 53FD553726FDFAAC00F43C9C /* Model.h */; settings = {ATTRIBUTES = (Public, ); }; };
		53FD553D26FDFAAC00F43C9C /* Model.framework in Frameworks */ = {isa = PBXBuildFile; fileRef = 53FD553526FDFAAC00F43C9C /* Model.framework */; };
		53FD553E26FDFAAC00F43C9C /* Model.framework in Embed Frameworks */ = {isa = PBXBuildFile; fileRef = 53FD553526FDFAAC00F43C9C /* Model.framework */; settings = {ATTRIBUTES = (CodeSignOnCopy, RemoveHeadersOnCopy, ); }; };
		53FD554426FE001900F43C9C /* LaunchDetailsItem.swift in Sources */ = {isa = PBXBuildFile; fileRef = 53FD554326FE001900F43C9C /* LaunchDetailsItem.swift */; };
		53FD554626FE012900F43C9C /* RocketDetails.swift in Sources */ = {isa = PBXBuildFile; fileRef = 53FD554526FE012900F43C9C /* RocketDetails.swift */; };
		53FD554826FE02F500F43C9C /* LinkDetails.swift in Sources */ = {isa = PBXBuildFile; fileRef = 53FD554726FE02F500F43C9C /* LinkDetails.swift */; };
		53FD554C26FE079900F43C9C /* CompanyInfo.swift in Sources */ = {isa = PBXBuildFile; fileRef = 53FD554B26FE079900F43C9C /* CompanyInfo.swift */; };
		53FD555526FE169000F43C9C /* Networking.h in Headers */ = {isa = PBXBuildFile; fileRef = 53FD555426FE169000F43C9C /* Networking.h */; settings = {ATTRIBUTES = (Public, ); }; };
		53FD555826FE169000F43C9C /* Networking.framework in Frameworks */ = {isa = PBXBuildFile; fileRef = 53FD555226FE169000F43C9C /* Networking.framework */; };
		53FD555926FE169000F43C9C /* Networking.framework in Embed Frameworks */ = {isa = PBXBuildFile; fileRef = 53FD555226FE169000F43C9C /* Networking.framework */; settings = {ATTRIBUTES = (CodeSignOnCopy, RemoveHeadersOnCopy, ); }; };
		53FD555F26FE220B00F43C9C /* Networking.swift in Sources */ = {isa = PBXBuildFile; fileRef = 53FD555E26FE220B00F43C9C /* Networking.swift */; };
		53FD556226FE223A00F43C9C /* JSONFormatter.swift in Sources */ = {isa = PBXBuildFile; fileRef = 53FD556126FE223A00F43C9C /* JSONFormatter.swift */; };
		53FD556426FE224900F43C9C /* Host.swift in Sources */ = {isa = PBXBuildFile; fileRef = 53FD556326FE224900F43C9C /* Host.swift */; };
		53FD556626FE30B400F43C9C /* UrlQueryBuilder.swift in Sources */ = {isa = PBXBuildFile; fileRef = 53FD556526FE30B400F43C9C /* UrlQueryBuilder.swift */; };
		53FD556826FE30D600F43C9C /* JSONEncoder.swift in Sources */ = {isa = PBXBuildFile; fileRef = 53FD556726FE30D600F43C9C /* JSONEncoder.swift */; };
		53FD556A26FE30EA00F43C9C /* NetworkEventMonitor.swift in Sources */ = {isa = PBXBuildFile; fileRef = 53FD556926FE30EA00F43C9C /* NetworkEventMonitor.swift */; };
		53FD556E26FE314600F43C9C /* LaunchListNetworkService.swift in Sources */ = {isa = PBXBuildFile; fileRef = 53FD556D26FE314600F43C9C /* LaunchListNetworkService.swift */; };
		53FD557726FE320800F43C9C /* SPMLibaries.h in Headers */ = {isa = PBXBuildFile; fileRef = 53FD557626FE320800F43C9C /* SPMLibaries.h */; settings = {ATTRIBUTES = (Public, ); }; };
		53FD557A26FE320800F43C9C /* SPMLibaries.framework in Frameworks */ = {isa = PBXBuildFile; fileRef = 53FD557426FE320800F43C9C /* SPMLibaries.framework */; };
		53FD557B26FE320800F43C9C /* SPMLibaries.framework in Embed Frameworks */ = {isa = PBXBuildFile; fileRef = 53FD557426FE320800F43C9C /* SPMLibaries.framework */; settings = {ATTRIBUTES = (CodeSignOnCopy, RemoveHeadersOnCopy, ); }; };
		53FD558126FE323B00F43C9C /* Alamofire in Frameworks */ = {isa = PBXBuildFile; productRef = 53FD558026FE323B00F43C9C /* Alamofire */; };
		53FD558326FE324100F43C9C /* SnapKit in Frameworks */ = {isa = PBXBuildFile; productRef = 53FD558226FE324100F43C9C /* SnapKit */; };
		53FD558526FE324700F43C9C /* Promises in Frameworks */ = {isa = PBXBuildFile; productRef = 53FD558426FE324700F43C9C /* Promises */; };
		53FD558726FE324F00F43C9C /* Kingfisher in Frameworks */ = {isa = PBXBuildFile; productRef = 53FD558626FE324F00F43C9C /* Kingfisher */; };
		53FD558D26FE32B300F43C9C /* SPMLibaries.framework in Frameworks */ = {isa = PBXBuildFile; fileRef = 53FD557426FE320800F43C9C /* SPMLibaries.framework */; };
		53FD558E26FE32B300F43C9C /* SPMLibaries.framework in Embed Frameworks */ = {isa = PBXBuildFile; fileRef = 53FD557426FE320800F43C9C /* SPMLibaries.framework */; settings = {ATTRIBUTES = (CodeSignOnCopy, RemoveHeadersOnCopy, ); }; };
		53FD559226FE32B800F43C9C /* SPMLibaries.framework in Frameworks */ = {isa = PBXBuildFile; fileRef = 53FD557426FE320800F43C9C /* SPMLibaries.framework */; };
		53FD559326FE32B800F43C9C /* SPMLibaries.framework in Embed Frameworks */ = {isa = PBXBuildFile; fileRef = 53FD557426FE320800F43C9C /* SPMLibaries.framework */; settings = {ATTRIBUTES = (CodeSignOnCopy, RemoveHeadersOnCopy, ); }; };
		53FD559726FE32BB00F43C9C /* Model.framework in Frameworks */ = {isa = PBXBuildFile; fileRef = 53FD553526FDFAAC00F43C9C /* Model.framework */; };
		53FD559826FE32BB00F43C9C /* Model.framework in Embed Frameworks */ = {isa = PBXBuildFile; fileRef = 53FD553526FDFAAC00F43C9C /* Model.framework */; settings = {ATTRIBUTES = (CodeSignOnCopy, RemoveHeadersOnCopy, ); }; };
		53FD559D26FE362300F43C9C /* Resource.swift in Sources */ = {isa = PBXBuildFile; fileRef = 53FD559C26FE362300F43C9C /* Resource.swift */; };
		53FD55A126FE367C00F43C9C /* ApiResponseContainer.swift in Sources */ = {isa = PBXBuildFile; fileRef = 53FD55A026FE367C00F43C9C /* ApiResponseContainer.swift */; };
		53FD55A526FE386200F43C9C /* String-Networking.swift in Sources */ = {isa = PBXBuildFile; fileRef = 53FD55A426FE386200F43C9C /* String-Networking.swift */; };
		53FD55A826FE388B00F43C9C /* Decoding-Networking.swift in Sources */ = {isa = PBXBuildFile; fileRef = 53FD55A726FE388B00F43C9C /* Decoding-Networking.swift */; };
		53FD55AB26FE38AF00F43C9C /* Session-Networking.swift in Sources */ = {isa = PBXBuildFile; fileRef = 53FD55AA26FE38AF00F43C9C /* Session-Networking.swift */; };
		53FD55AE26FE3B3600F43C9C /* LaunchListResource.swift in Sources */ = {isa = PBXBuildFile; fileRef = 53FD55AD26FE3B3600F43C9C /* LaunchListResource.swift */; };
/* End PBXBuildFile section */

/* Begin PBXContainerItemProxy section */
		53FD54FD26FDD97D00F43C9C /* PBXContainerItemProxy */ = {
			isa = PBXContainerItemProxy;
			containerPortal = 53FD54C726FD0E2C00F43C9C /* Project object */;
			proxyType = 1;
			remoteGlobalIDString = 53FD54F626FDD97D00F43C9C;
			remoteInfo = Assets;
		};
		53FD553B26FDFAAC00F43C9C /* PBXContainerItemProxy */ = {
			isa = PBXContainerItemProxy;
			containerPortal = 53FD54C726FD0E2C00F43C9C /* Project object */;
			proxyType = 1;
			remoteGlobalIDString = 53FD553426FDFAAC00F43C9C;
			remoteInfo = Model;
		};
		53FD555626FE169000F43C9C /* PBXContainerItemProxy */ = {
			isa = PBXContainerItemProxy;
			containerPortal = 53FD54C726FD0E2C00F43C9C /* Project object */;
			proxyType = 1;
			remoteGlobalIDString = 53FD555126FE169000F43C9C;
			remoteInfo = Networking;
		};
		53FD557826FE320800F43C9C /* PBXContainerItemProxy */ = {
			isa = PBXContainerItemProxy;
			containerPortal = 53FD54C726FD0E2C00F43C9C /* Project object */;
			proxyType = 1;
			remoteGlobalIDString = 53FD557326FE320800F43C9C;
			remoteInfo = SPMLibaries;
		};
		53FD558F26FE32B300F43C9C /* PBXContainerItemProxy */ = {
			isa = PBXContainerItemProxy;
			containerPortal = 53FD54C726FD0E2C00F43C9C /* Project object */;
			proxyType = 1;
			remoteGlobalIDString = 53FD557326FE320800F43C9C;
			remoteInfo = SPMLibaries;
		};
		53FD559426FE32B800F43C9C /* PBXContainerItemProxy */ = {
			isa = PBXContainerItemProxy;
			containerPortal = 53FD54C726FD0E2C00F43C9C /* Project object */;
			proxyType = 1;
			remoteGlobalIDString = 53FD557326FE320800F43C9C;
			remoteInfo = SPMLibaries;
		};
		53FD559926FE32BB00F43C9C /* PBXContainerItemProxy */ = {
			isa = PBXContainerItemProxy;
			containerPortal = 53FD54C726FD0E2C00F43C9C /* Project object */;
			proxyType = 1;
			remoteGlobalIDString = 53FD553426FDFAAC00F43C9C;
			remoteInfo = Model;
		};
/* End PBXContainerItemProxy section */

/* Begin PBXCopyFilesBuildPhase section */
		53FD550426FDD97D00F43C9C /* Embed Frameworks */ = {
			isa = PBXCopyFilesBuildPhase;
			buildActionMask = 2147483647;
			dstPath = "";
			dstSubfolderSpec = 10;
			files = (
				53FD557B26FE320800F43C9C /* SPMLibaries.framework in Embed Frameworks */,
				53FD553E26FDFAAC00F43C9C /* Model.framework in Embed Frameworks */,
				53FD550026FDD97D00F43C9C /* Assets.framework in Embed Frameworks */,
				53FD555926FE169000F43C9C /* Networking.framework in Embed Frameworks */,
			);
			name = "Embed Frameworks";
			runOnlyForDeploymentPostprocessing = 0;
		};
		53FD559126FE32B300F43C9C /* Embed Frameworks */ = {
			isa = PBXCopyFilesBuildPhase;
			buildActionMask = 2147483647;
			dstPath = "";
			dstSubfolderSpec = 10;
			files = (
				53FD558E26FE32B300F43C9C /* SPMLibaries.framework in Embed Frameworks */,
			);
			name = "Embed Frameworks";
			runOnlyForDeploymentPostprocessing = 0;
		};
		53FD559626FE32B800F43C9C /* Embed Frameworks */ = {
			isa = PBXCopyFilesBuildPhase;
			buildActionMask = 2147483647;
			dstPath = "";
			dstSubfolderSpec = 10;
			files = (
				53FD559826FE32BB00F43C9C /* Model.framework in Embed Frameworks */,
				53FD559326FE32B800F43C9C /* SPMLibaries.framework in Embed Frameworks */,
			);
			name = "Embed Frameworks";
			runOnlyForDeploymentPostprocessing = 0;
		};
/* End PBXCopyFilesBuildPhase section */

/* Begin PBXFileReference section */
		53F7CC8526FE8BAE0005D88E /* LaunchListContentView.swift */ = {isa = PBXFileReference; lastKnownFileType = sourcecode.swift; path = LaunchListContentView.swift; sourceTree = "<group>"; };
		53F7CC8626FE8BAE0005D88E /* LaunchListPresenter.swift */ = {isa = PBXFileReference; lastKnownFileType = sourcecode.swift; path = LaunchListPresenter.swift; sourceTree = "<group>"; };
		53F7CC8726FE8BAE0005D88E /* LaunchListRouter.swift */ = {isa = PBXFileReference; lastKnownFileType = sourcecode.swift; path = LaunchListRouter.swift; sourceTree = "<group>"; };
		53F7CC8826FE8BAE0005D88E /* LaunchListViewController.swift */ = {isa = PBXFileReference; lastKnownFileType = sourcecode.swift; path = LaunchListViewController.swift; sourceTree = "<group>"; };
		53F7CC8926FE8BAE0005D88E /* LaunchListInteractor.swift */ = {isa = PBXFileReference; lastKnownFileType = sourcecode.swift; path = LaunchListInteractor.swift; sourceTree = "<group>"; };
		53F7CC9726FE8DBA0005D88E /* StartupProcess.swift */ = {isa = PBXFileReference; lastKnownFileType = sourcecode.swift; path = StartupProcess.swift; sourceTree = "<group>"; };
		53F7CC9926FE8DCF0005D88E /* StartupProcessService.swift */ = {isa = PBXFileReference; lastKnownFileType = sourcecode.swift; path = StartupProcessService.swift; sourceTree = "<group>"; };
		53F7CC9B26FE8DDE0005D88E /* AppearanceCustomisationStartupProcess.swift */ = {isa = PBXFileReference; lastKnownFileType = sourcecode.swift; path = AppearanceCustomisationStartupProcess.swift; sourceTree = "<group>"; };
		53F7CC9F26FE8FE90005D88E /* NavigationBarSetupable.swift */ = {isa = PBXFileReference; lastKnownFileType = sourcecode.swift; path = NavigationBarSetupable.swift; sourceTree = "<group>"; };
		53F7CCA226FE90000005D88E /* SectionProtocol.swift */ = {isa = PBXFileReference; lastKnownFileType = sourcecode.swift; path = SectionProtocol.swift; sourceTree = "<group>"; };
		53F7CCA426FE90270005D88E /* DataSourceProtocol.swift */ = {isa = PBXFileReference; lastKnownFileType = sourcecode.swift; path = DataSourceProtocol.swift; sourceTree = "<group>"; };
		53F7CCA726FE90860005D88E /* Globals.swift */ = {isa = PBXFileReference; lastKnownFileType = sourcecode.swift; path = Globals.swift; sourceTree = "<group>"; };
		53F7CCA926FE90960005D88E /* ReusableView.swift */ = {isa = PBXFileReference; lastKnownFileType = sourcecode.swift; path = ReusableView.swift; sourceTree = "<group>"; };
		53F7CCAD26FE90EB0005D88E /* Collection-SpaceX.swift */ = {isa = PBXFileReference; lastKnownFileType = sourcecode.swift; path = "Collection-SpaceX.swift"; sourceTree = "<group>"; };
		53F7CCAF26FE91430005D88E /* String-SpaceX.swift */ = {isa = PBXFileReference; lastKnownFileType = sourcecode.swift; path = "String-SpaceX.swift"; sourceTree = "<group>"; };
		53F7CCB326FE91860005D88E /* UIAplication-SpaceX.swift */ = {isa = PBXFileReference; lastKnownFileType = sourcecode.swift; path = "UIAplication-SpaceX.swift"; sourceTree = "<group>"; };
		53F7CCB526FE926D0005D88E /* UITableView-SpaceX.swift */ = {isa = PBXFileReference; lastKnownFileType = sourcecode.swift; path = "UITableView-SpaceX.swift"; sourceTree = "<group>"; };
		53F7CCBF270056E30005D88E /* LaunchListCell.swift */ = {isa = PBXFileReference; lastKnownFileType = sourcecode.swift; path = LaunchListCell.swift; sourceTree = "<group>"; };
		53F7CCC127008CDE0005D88E /* UIView-SpaceX.swift */ = {isa = PBXFileReference; lastKnownFileType = sourcecode.swift; path = "UIView-SpaceX.swift"; sourceTree = "<group>"; };
		53F7CCC32700A2340005D88E /* LaunchListCompanyInfoCell.swift */ = {isa = PBXFileReference; lastKnownFileType = sourcecode.swift; path = LaunchListCompanyInfoCell.swift; sourceTree = "<group>"; };
		53F7CCC62700A4E10005D88E /* HeaderView.swift */ = {isa = PBXFileReference; lastKnownFileType = sourcecode.swift; path = HeaderView.swift; sourceTree = "<group>"; };
		53F7CCCC2700C5A20005D88E /* LaunchListDataSource.swift */ = {isa = PBXFileReference; lastKnownFileType = sourcecode.swift; path = LaunchListDataSource.swift; sourceTree = "<group>"; };
		53F7CCCE2700C7590005D88E /* TimeDateFormatter.swift */ = {isa = PBXFileReference; lastKnownFileType = sourcecode.swift; path = TimeDateFormatter.swift; sourceTree = "<group>"; };
		53F7CCD02700FF560005D88E /* LaunchListHeaderModel.swift */ = {isa = PBXFileReference; lastKnownFileType = sourcecode.swift; path = LaunchListHeaderModel.swift; sourceTree = "<group>"; };
		53F7CCD4270155880005D88E /* AlertViewController.swift */ = {isa = PBXFileReference; lastKnownFileType = sourcecode.swift; path = AlertViewController.swift; sourceTree = "<group>"; };
		53F7CCD7270155B30005D88E /* AlertAction.swift */ = {isa = PBXFileReference; lastKnownFileType = sourcecode.swift; path = AlertAction.swift; sourceTree = "<group>"; };
		53F7CCD9270157950005D88E /* AlertContentView.swift */ = {isa = PBXFileReference; lastKnownFileType = sourcecode.swift; path = AlertContentView.swift; sourceTree = "<group>"; };
		53F7CCDD270158D70005D88E /* StackedInfoView.swift */ = {isa = PBXFileReference; lastKnownFileType = sourcecode.swift; path = StackedInfoView.swift; sourceTree = "<group>"; };
		53F7CCE027015B8C0005D88E /* AlertViewController-SpaceX.swift */ = {isa = PBXFileReference; lastKnownFileType = sourcecode.swift; path = "AlertViewController-SpaceX.swift"; sourceTree = "<group>"; };
		53F7CCE227015EB90005D88E /* AlertEnums.swift */ = {isa = PBXFileReference; lastKnownFileType = sourcecode.swift; path = AlertEnums.swift; sourceTree = "<group>"; };
		53F7CCE4270160A60005D88E /* Router.swift */ = {isa = PBXFileReference; lastKnownFileType = sourcecode.swift; path = Router.swift; sourceTree = "<group>"; };
		53F7CCE6270163750005D88E /* UIViewController-SpaceX.swift */ = {isa = PBXFileReference; lastKnownFileType = sourcecode.swift; path = "UIViewController-SpaceX.swift"; sourceTree = "<group>"; };
		53F7CCE82701B8510005D88E /* UIBarButton-SpaceX.swift */ = {isa = PBXFileReference; lastKnownFileType = sourcecode.swift; path = "UIBarButton-SpaceX.swift"; sourceTree = "<group>"; };
		53F7CCEE2701C04C0005D88E /* LaunchFiltersContentView.swift */ = {isa = PBXFileReference; lastKnownFileType = sourcecode.swift; path = LaunchFiltersContentView.swift; sourceTree = "<group>"; };
		53F7CCEF2701C04C0005D88E /* LaunchFiltersPresenter.swift */ = {isa = PBXFileReference; lastKnownFileType = sourcecode.swift; path = LaunchFiltersPresenter.swift; sourceTree = "<group>"; };
		53F7CCF02701C04C0005D88E /* LaunchFiltersRouter.swift */ = {isa = PBXFileReference; lastKnownFileType = sourcecode.swift; path = LaunchFiltersRouter.swift; sourceTree = "<group>"; };
		53F7CCF12701C04C0005D88E /* LaunchFiltersViewController.swift */ = {isa = PBXFileReference; lastKnownFileType = sourcecode.swift; path = LaunchFiltersViewController.swift; sourceTree = "<group>"; };
		53F7CCF22701C04C0005D88E /* LaunchFiltersInteractor.swift */ = {isa = PBXFileReference; lastKnownFileType = sourcecode.swift; path = LaunchFiltersInteractor.swift; sourceTree = "<group>"; };
		53F7CCFA2701C3E20005D88E /* LaunchListFilters.swift */ = {isa = PBXFileReference; lastKnownFileType = sourcecode.swift; path = LaunchListFilters.swift; sourceTree = "<group>"; };
		53F7CCFD2702744A0005D88E /* MessagePopupView.swift */ = {isa = PBXFileReference; lastKnownFileType = sourcecode.swift; path = MessagePopupView.swift; sourceTree = "<group>"; };
		53F7CD02270276A50005D88E /* MessagePopupViewEnum.swift */ = {isa = PBXFileReference; lastKnownFileType = sourcecode.swift; path = MessagePopupViewEnum.swift; sourceTree = "<group>"; };
		53F7CD04270277ED0005D88E /* MessagePopupViewPresentable.swift */ = {isa = PBXFileReference; lastKnownFileType = sourcecode.swift; path = MessagePopupViewPresentable.swift; sourceTree = "<group>"; };
		53FD54CF26FD0E2C00F43C9C /* SpaceX.app */ = {isa = PBXFileReference; explicitFileType = wrapper.application; includeInIndex = 0; path = SpaceX.app; sourceTree = BUILT_PRODUCTS_DIR; };
		53FD54D226FD0E2C00F43C9C /* AppDelegate.swift */ = {isa = PBXFileReference; lastKnownFileType = sourcecode.swift; path = AppDelegate.swift; sourceTree = "<group>"; };
		53FD54DB26FD0E2C00F43C9C /* Assets.xcassets */ = {isa = PBXFileReference; lastKnownFileType = folder.assetcatalog; path = Assets.xcassets; sourceTree = "<group>"; };
		53FD54DE26FD0E2C00F43C9C /* Base */ = {isa = PBXFileReference; lastKnownFileType = file.storyboard; name = Base; path = Base.lproj/LaunchScreen.storyboard; sourceTree = "<group>"; };
		53FD54E026FD0E2C00F43C9C /* Info.plist */ = {isa = PBXFileReference; lastKnownFileType = text.plist.xml; name = Info.plist; path = "SpaceX/Common/Resources/Supporting files/Info.plist"; sourceTree = SOURCE_ROOT; };
		53FD54F726FDD97D00F43C9C /* Assets.framework */ = {isa = PBXFileReference; explicitFileType = wrapper.framework; includeInIndex = 0; path = Assets.framework; sourceTree = BUILT_PRODUCTS_DIR; };
		53FD54F926FDD97D00F43C9C /* Assets.h */ = {isa = PBXFileReference; lastKnownFileType = sourcecode.c.h; path = Assets.h; sourceTree = "<group>"; };
		53FD54FA26FDD97D00F43C9C /* Assets.docc */ = {isa = PBXFileReference; lastKnownFileType = folder.documentationcatalog; path = Assets.docc; sourceTree = "<group>"; };
		53FD550626FDD99300F43C9C /* Asset.swift */ = {isa = PBXFileReference; lastKnownFileType = sourcecode.swift; path = Asset.swift; sourceTree = "<group>"; };
		53FD550A26FDDA4800F43C9C /* ColorAsset.swift */ = {isa = PBXFileReference; lastKnownFileType = sourcecode.swift; path = ColorAsset.swift; sourceTree = "<group>"; };
		53FD550D26FDDC6500F43C9C /* ColorAssets.swift */ = {isa = PBXFileReference; lastKnownFileType = sourcecode.swift; path = ColorAssets.swift; sourceTree = "<group>"; };
		53FD550F26FDDDE400F43C9C /* Assets.xcassets */ = {isa = PBXFileReference; lastKnownFileType = folder.assetcatalog; path = Assets.xcassets; sourceTree = "<group>"; };
		53FD551226FDE29100F43C9C /* ColorDummy.swift */ = {isa = PBXFileReference; lastKnownFileType = sourcecode.swift; path = ColorDummy.swift; sourceTree = "<group>"; };
		53FD551826FDEC1700F43C9C /* ImageAsset.swift */ = {isa = PBXFileReference; lastKnownFileType = sourcecode.swift; path = ImageAsset.swift; sourceTree = "<group>"; };
		53FD551A26FDED2300F43C9C /* ImageAssets.swift */ = {isa = PBXFileReference; lastKnownFileType = sourcecode.swift; path = ImageAssets.swift; sourceTree = "<group>"; };
		53FD551C26FDEF2A00F43C9C /* ImageDummy.swift */ = {isa = PBXFileReference; lastKnownFileType = sourcecode.swift; path = ImageDummy.swift; sourceTree = "<group>"; };
		53FD552126FDF28400F43C9C /* Font-SpaceX.swift */ = {isa = PBXFileReference; lastKnownFileType = sourcecode.swift; path = "Font-SpaceX.swift"; sourceTree = "<group>"; };
		53FD552326FDF35700F43C9C /* SFPro-Bold.OTF */ = {isa = PBXFileReference; lastKnownFileType = file; path = "SFPro-Bold.OTF"; sourceTree = "<group>"; };
		53FD552426FDF35700F43C9C /* SFPro-Medium.OTF */ = {isa = PBXFileReference; lastKnownFileType = file; path = "SFPro-Medium.OTF"; sourceTree = "<group>"; };
		53FD552526FDF35700F43C9C /* SFPro-Regular.OTF */ = {isa = PBXFileReference; lastKnownFileType = file; path = "SFPro-Regular.OTF"; sourceTree = "<group>"; };
		53FD552F26FDF79F00F43C9C /* Info.plist */ = {isa = PBXFileReference; lastKnownFileType = text.plist; path = Info.plist; sourceTree = "<group>"; };
		53FD553526FDFAAC00F43C9C /* Model.framework */ = {isa = PBXFileReference; explicitFileType = wrapper.framework; includeInIndex = 0; path = Model.framework; sourceTree = BUILT_PRODUCTS_DIR; };
		53FD553726FDFAAC00F43C9C /* Model.h */ = {isa = PBXFileReference; lastKnownFileType = sourcecode.c.h; path = Model.h; sourceTree = "<group>"; };
		53FD553826FDFAAC00F43C9C /* Model.docc */ = {isa = PBXFileReference; lastKnownFileType = folder.documentationcatalog; path = Model.docc; sourceTree = "<group>"; };
		53FD554326FE001900F43C9C /* LaunchDetailsItem.swift */ = {isa = PBXFileReference; lastKnownFileType = sourcecode.swift; path = LaunchDetailsItem.swift; sourceTree = "<group>"; };
		53FD554526FE012900F43C9C /* RocketDetails.swift */ = {isa = PBXFileReference; lastKnownFileType = sourcecode.swift; path = RocketDetails.swift; sourceTree = "<group>"; };
		53FD554726FE02F500F43C9C /* LinkDetails.swift */ = {isa = PBXFileReference; lastKnownFileType = sourcecode.swift; path = LinkDetails.swift; sourceTree = "<group>"; };
		53FD554B26FE079900F43C9C /* CompanyInfo.swift */ = {isa = PBXFileReference; lastKnownFileType = sourcecode.swift; path = CompanyInfo.swift; sourceTree = "<group>"; };
		53FD555226FE169000F43C9C /* Networking.framework */ = {isa = PBXFileReference; explicitFileType = wrapper.framework; includeInIndex = 0; path = Networking.framework; sourceTree = BUILT_PRODUCTS_DIR; };
		53FD555426FE169000F43C9C /* Networking.h */ = {isa = PBXFileReference; lastKnownFileType = sourcecode.c.h; path = Networking.h; sourceTree = "<group>"; };
		53FD555E26FE220B00F43C9C /* Networking.swift */ = {isa = PBXFileReference; lastKnownFileType = sourcecode.swift; path = Networking.swift; sourceTree = "<group>"; };
		53FD556126FE223A00F43C9C /* JSONFormatter.swift */ = {isa = PBXFileReference; lastKnownFileType = sourcecode.swift; path = JSONFormatter.swift; sourceTree = "<group>"; };
		53FD556326FE224900F43C9C /* Host.swift */ = {isa = PBXFileReference; lastKnownFileType = sourcecode.swift; path = Host.swift; sourceTree = "<group>"; };
		53FD556526FE30B400F43C9C /* UrlQueryBuilder.swift */ = {isa = PBXFileReference; lastKnownFileType = sourcecode.swift; path = UrlQueryBuilder.swift; sourceTree = "<group>"; };
		53FD556726FE30D600F43C9C /* JSONEncoder.swift */ = {isa = PBXFileReference; lastKnownFileType = sourcecode.swift; path = JSONEncoder.swift; sourceTree = "<group>"; };
		53FD556926FE30EA00F43C9C /* NetworkEventMonitor.swift */ = {isa = PBXFileReference; lastKnownFileType = sourcecode.swift; path = NetworkEventMonitor.swift; sourceTree = "<group>"; };
		53FD556D26FE314600F43C9C /* LaunchListNetworkService.swift */ = {isa = PBXFileReference; lastKnownFileType = sourcecode.swift; path = LaunchListNetworkService.swift; sourceTree = "<group>"; };
		53FD557426FE320800F43C9C /* SPMLibaries.framework */ = {isa = PBXFileReference; explicitFileType = wrapper.framework; includeInIndex = 0; path = SPMLibaries.framework; sourceTree = BUILT_PRODUCTS_DIR; };
		53FD557626FE320800F43C9C /* SPMLibaries.h */ = {isa = PBXFileReference; lastKnownFileType = sourcecode.c.h; path = SPMLibaries.h; sourceTree = "<group>"; };
		53FD559C26FE362300F43C9C /* Resource.swift */ = {isa = PBXFileReference; lastKnownFileType = sourcecode.swift; path = Resource.swift; sourceTree = "<group>"; };
		53FD55A026FE367C00F43C9C /* ApiResponseContainer.swift */ = {isa = PBXFileReference; lastKnownFileType = sourcecode.swift; path = ApiResponseContainer.swift; sourceTree = "<group>"; };
		53FD55A426FE386200F43C9C /* String-Networking.swift */ = {isa = PBXFileReference; lastKnownFileType = sourcecode.swift; path = "String-Networking.swift"; sourceTree = "<group>"; };
		53FD55A726FE388B00F43C9C /* Decoding-Networking.swift */ = {isa = PBXFileReference; lastKnownFileType = sourcecode.swift; path = "Decoding-Networking.swift"; sourceTree = "<group>"; };
		53FD55AA26FE38AF00F43C9C /* Session-Networking.swift */ = {isa = PBXFileReference; lastKnownFileType = sourcecode.swift; path = "Session-Networking.swift"; sourceTree = "<group>"; };
		53FD55AD26FE3B3600F43C9C /* LaunchListResource.swift */ = {isa = PBXFileReference; lastKnownFileType = sourcecode.swift; path = LaunchListResource.swift; sourceTree = "<group>"; };
/* End PBXFileReference section */

/* Begin PBXFrameworksBuildPhase section */
		53FD54CC26FD0E2C00F43C9C /* Frameworks */ = {
			isa = PBXFrameworksBuildPhase;
			buildActionMask = 2147483647;
			files = (
				53FD54FF26FDD97D00F43C9C /* Assets.framework in Frameworks */,
				53FD557A26FE320800F43C9C /* SPMLibaries.framework in Frameworks */,
				53FD553D26FDFAAC00F43C9C /* Model.framework in Frameworks */,
				53FD555826FE169000F43C9C /* Networking.framework in Frameworks */,
			);
			runOnlyForDeploymentPostprocessing = 0;
		};
		53FD54F426FDD97D00F43C9C /* Frameworks */ = {
			isa = PBXFrameworksBuildPhase;
			buildActionMask = 2147483647;
			files = (
			);
			runOnlyForDeploymentPostprocessing = 0;
		};
		53FD553226FDFAAC00F43C9C /* Frameworks */ = {
			isa = PBXFrameworksBuildPhase;
			buildActionMask = 2147483647;
			files = (
				53FD558D26FE32B300F43C9C /* SPMLibaries.framework in Frameworks */,
			);
			runOnlyForDeploymentPostprocessing = 0;
		};
		53FD554F26FE169000F43C9C /* Frameworks */ = {
			isa = PBXFrameworksBuildPhase;
			buildActionMask = 2147483647;
			files = (
				53FD559726FE32BB00F43C9C /* Model.framework in Frameworks */,
				53FD559226FE32B800F43C9C /* SPMLibaries.framework in Frameworks */,
			);
			runOnlyForDeploymentPostprocessing = 0;
		};
		53FD557126FE320800F43C9C /* Frameworks */ = {
			isa = PBXFrameworksBuildPhase;
			buildActionMask = 2147483647;
			files = (
				53FD558726FE324F00F43C9C /* Kingfisher in Frameworks */,
				53FD558126FE323B00F43C9C /* Alamofire in Frameworks */,
				53FD558326FE324100F43C9C /* SnapKit in Frameworks */,
				53FD558526FE324700F43C9C /* Promises in Frameworks */,
			);
			runOnlyForDeploymentPostprocessing = 0;
		};
/* End PBXFrameworksBuildPhase section */

/* Begin PBXGroup section */
		53F7CC8326FE8B450005D88E /* App */ = {
			isa = PBXGroup;
			children = (
				53FD54D226FD0E2C00F43C9C /* AppDelegate.swift */,
				53F7CCEB2701C0230005D88E /* Launch filters */,
				53F7CC8426FE8B980005D88E /* Launch list */,
			);
			path = App;
			sourceTree = "<group>";
		};
		53F7CC8426FE8B980005D88E /* Launch list */ = {
			isa = PBXGroup;
			children = (
				53F7CCCB2700C5970005D88E /* Data source */,
				53F7CC8F26FE8BB10005D88E /* View */,
				53F7CC8926FE8BAE0005D88E /* LaunchListInteractor.swift */,
				53F7CC8626FE8BAE0005D88E /* LaunchListPresenter.swift */,
				53F7CC8726FE8BAE0005D88E /* LaunchListRouter.swift */,
				53F7CC8826FE8BAE0005D88E /* LaunchListViewController.swift */,
			);
			path = "Launch list";
			sourceTree = "<group>";
		};
		53F7CC8F26FE8BB10005D88E /* View */ = {
			isa = PBXGroup;
			children = (
				53F7CC8526FE8BAE0005D88E /* LaunchListContentView.swift */,
				53F7CCBF270056E30005D88E /* LaunchListCell.swift */,
				53F7CCC32700A2340005D88E /* LaunchListCompanyInfoCell.swift */,
			);
			path = View;
			sourceTree = "<group>";
		};
		53F7CC9026FE8D110005D88E /* Common */ = {
			isa = PBXGroup;
			children = (
				53F7CCAB26FE90C10005D88E /* Extensions */,
				53F7CC9D26FE8FD10005D88E /* Protocols */,
				53F7CC9126FE8D450005D88E /* Resources */,
				53F7CCB726FE92A80005D88E /* UI */,
				53F7CC9526FE8DA40005D88E /* Utility */,
			);
			path = Common;
			sourceTree = "<group>";
		};
		53F7CC9126FE8D450005D88E /* Resources */ = {
			isa = PBXGroup;
			children = (
				53F7CC9226FE8D530005D88E /* Assets */,
				53F7CC9426FE8D830005D88E /* Storyboards */,
				53F7CC9326FE8D680005D88E /* Supporting files */,
			);
			path = Resources;
			sourceTree = "<group>";
		};
		53F7CC9226FE8D530005D88E /* Assets */ = {
			isa = PBXGroup;
			children = (
				53FD54DB26FD0E2C00F43C9C /* Assets.xcassets */,
			);
			path = Assets;
			sourceTree = "<group>";
		};
		53F7CC9326FE8D680005D88E /* Supporting files */ = {
			isa = PBXGroup;
			children = (
				53FD54E026FD0E2C00F43C9C /* Info.plist */,
			);
			path = "Supporting files";
			sourceTree = "<group>";
		};
		53F7CC9426FE8D830005D88E /* Storyboards */ = {
			isa = PBXGroup;
			children = (
				53FD54DD26FD0E2C00F43C9C /* LaunchScreen.storyboard */,
			);
			path = Storyboards;
			sourceTree = "<group>";
		};
		53F7CC9526FE8DA40005D88E /* Utility */ = {
			isa = PBXGroup;
			children = (
				53F7CC9626FE8DAA0005D88E /* Startup services */,
				53F7CCCE2700C7590005D88E /* TimeDateFormatter.swift */,
			);
			path = Utility;
			sourceTree = "<group>";
		};
		53F7CC9626FE8DAA0005D88E /* Startup services */ = {
			isa = PBXGroup;
			children = (
				53F7CC9B26FE8DDE0005D88E /* AppearanceCustomisationStartupProcess.swift */,
				53F7CC9726FE8DBA0005D88E /* StartupProcess.swift */,
				53F7CC9926FE8DCF0005D88E /* StartupProcessService.swift */,
			);
			path = "Startup services";
			sourceTree = "<group>";
		};
		53F7CC9D26FE8FD10005D88E /* Protocols */ = {
			isa = PBXGroup;
			children = (
				53F7CCA626FE90740005D88E /* General */,
				53F7CCA126FE8FF20005D88E /* Data source */,
				53F7CC9E26FE8FDC0005D88E /* View */,
			);
			path = Protocols;
			sourceTree = "<group>";
		};
		53F7CC9E26FE8FDC0005D88E /* View */ = {
			isa = PBXGroup;
			children = (
				53F7CC9F26FE8FE90005D88E /* NavigationBarSetupable.swift */,
			);
			path = View;
			sourceTree = "<group>";
		};
		53F7CCA126FE8FF20005D88E /* Data source */ = {
			isa = PBXGroup;
			children = (
				53F7CCA226FE90000005D88E /* SectionProtocol.swift */,
				53F7CCA426FE90270005D88E /* DataSourceProtocol.swift */,
			);
			path = "Data source";
			sourceTree = "<group>";
		};
		53F7CCA626FE90740005D88E /* General */ = {
			isa = PBXGroup;
			children = (
				53F7CCA726FE90860005D88E /* Globals.swift */,
				53F7CCA926FE90960005D88E /* ReusableView.swift */,
				53F7CCE4270160A60005D88E /* Router.swift */,
			);
			path = General;
			sourceTree = "<group>";
		};
		53F7CCAB26FE90C10005D88E /* Extensions */ = {
			isa = PBXGroup;
			children = (
				53F7CCDF27015B780005D88E /* UI */,
				53F7CCB226FE91750005D88E /* UIKit */,
				53F7CCAC26FE90CB0005D88E /* Foudation */,
			);
			path = Extensions;
			sourceTree = "<group>";
		};
		53F7CCAC26FE90CB0005D88E /* Foudation */ = {
			isa = PBXGroup;
			children = (
				53F7CCAD26FE90EB0005D88E /* Collection-SpaceX.swift */,
				53F7CCAF26FE91430005D88E /* String-SpaceX.swift */,
			);
			path = Foudation;
			sourceTree = "<group>";
		};
		53F7CCB226FE91750005D88E /* UIKit */ = {
			isa = PBXGroup;
			children = (
				53F7CCB326FE91860005D88E /* UIAplication-SpaceX.swift */,
				53F7CCB526FE926D0005D88E /* UITableView-SpaceX.swift */,
				53F7CCC127008CDE0005D88E /* UIView-SpaceX.swift */,
				53F7CCE6270163750005D88E /* UIViewController-SpaceX.swift */,
				53F7CCE82701B8510005D88E /* UIBarButton-SpaceX.swift */,
			);
			path = UIKit;
			sourceTree = "<group>";
		};
		53F7CCB726FE92A80005D88E /* UI */ = {
			isa = PBXGroup;
			children = (
				53F7CCDB270158B80005D88E /* Views */,
				53F7CCD2270155710005D88E /* View controllers */,
				53F7CCB826FE92AF0005D88E /* Table view */,
			);
			path = UI;
			sourceTree = "<group>";
		};
		53F7CCB826FE92AF0005D88E /* Table view */ = {
			isa = PBXGroup;
			children = (
				53F7CCC52700A4D80005D88E /* Views */,
			);
			path = "Table view";
			sourceTree = "<group>";
		};
		53F7CCC52700A4D80005D88E /* Views */ = {
			isa = PBXGroup;
			children = (
				53F7CCC62700A4E10005D88E /* HeaderView.swift */,
			);
			path = Views;
			sourceTree = "<group>";
		};
		53F7CCCB2700C5970005D88E /* Data source */ = {
			isa = PBXGroup;
			children = (
				53F7CCCC2700C5A20005D88E /* LaunchListDataSource.swift */,
			);
			path = "Data source";
			sourceTree = "<group>";
		};
		53F7CCD2270155710005D88E /* View controllers */ = {
			isa = PBXGroup;
			children = (
				53F7CCD32701557A0005D88E /* Alert */,
			);
			path = "View controllers";
			sourceTree = "<group>";
		};
		53F7CCD32701557A0005D88E /* Alert */ = {
			isa = PBXGroup;
			children = (
				53F7CCD6270155A60005D88E /* Model */,
				53F7CCD4270155880005D88E /* AlertViewController.swift */,
				53F7CCD9270157950005D88E /* AlertContentView.swift */,
			);
			path = Alert;
			sourceTree = "<group>";
		};
		53F7CCD6270155A60005D88E /* Model */ = {
			isa = PBXGroup;
			children = (
				53F7CCD7270155B30005D88E /* AlertAction.swift */,
				53F7CCE227015EB90005D88E /* AlertEnums.swift */,
			);
			path = Model;
			sourceTree = "<group>";
		};
		53F7CCDB270158B80005D88E /* Views */ = {
			isa = PBXGroup;
			children = (
				53F7CCDC270158BF0005D88E /* Composite */,
			);
			path = Views;
			sourceTree = "<group>";
		};
		53F7CCDC270158BF0005D88E /* Composite */ = {
			isa = PBXGroup;
			children = (
				53F7CCFC2702743C0005D88E /* Message popup view */,
				53F7CCDD270158D70005D88E /* StackedInfoView.swift */,
			);
			path = Composite;
			sourceTree = "<group>";
		};
		53F7CCDF27015B780005D88E /* UI */ = {
			isa = PBXGroup;
			children = (
				53F7CCE027015B8C0005D88E /* AlertViewController-SpaceX.swift */,
			);
			path = UI;
			sourceTree = "<group>";
		};
		53F7CCEB2701C0230005D88E /* Launch filters */ = {
			isa = PBXGroup;
			children = (
				53F7CCF82701C05D0005D88E /* View */,
				53F7CCEF2701C04C0005D88E /* LaunchFiltersPresenter.swift */,
				53F7CCF02701C04C0005D88E /* LaunchFiltersRouter.swift */,
				53F7CCF12701C04C0005D88E /* LaunchFiltersViewController.swift */,
				53F7CCF22701C04C0005D88E /* LaunchFiltersInteractor.swift */,
			);
			path = "Launch filters";
			sourceTree = "<group>";
		};
		53F7CCF82701C05D0005D88E /* View */ = {
			isa = PBXGroup;
			children = (
				53F7CCEE2701C04C0005D88E /* LaunchFiltersContentView.swift */,
			);
			path = View;
			sourceTree = "<group>";
		};
		53F7CCFC2702743C0005D88E /* Message popup view */ = {
			isa = PBXGroup;
			children = (
				53F7CCFD2702744A0005D88E /* MessagePopupView.swift */,
				53F7CD02270276A50005D88E /* MessagePopupViewEnum.swift */,
				53F7CD04270277ED0005D88E /* MessagePopupViewPresentable.swift */,
			);
			path = "Message popup view";
			sourceTree = "<group>";
		};
		53FD54C626FD0E2C00F43C9C = {
			isa = PBXGroup;
			children = (
				53FD54D126FD0E2C00F43C9C /* SpaceX */,
				53FD54F826FDD97D00F43C9C /* Assets */,
				53FD553626FDFAAC00F43C9C /* Model */,
				53FD555326FE169000F43C9C /* Networking */,
				53FD557526FE320800F43C9C /* SPMLibaries */,
				53FD54D026FD0E2C00F43C9C /* Products */,
				53FD557F26FE323B00F43C9C /* Frameworks */,
			);
			indentWidth = 2;
			sourceTree = "<group>";
			tabWidth = 2;
		};
		53FD54D026FD0E2C00F43C9C /* Products */ = {
			isa = PBXGroup;
			children = (
				53FD54CF26FD0E2C00F43C9C /* SpaceX.app */,
				53FD54F726FDD97D00F43C9C /* Assets.framework */,
				53FD553526FDFAAC00F43C9C /* Model.framework */,
				53FD555226FE169000F43C9C /* Networking.framework */,
				53FD557426FE320800F43C9C /* SPMLibaries.framework */,
			);
			name = Products;
			sourceTree = "<group>";
		};
		53FD54D126FD0E2C00F43C9C /* SpaceX */ = {
			isa = PBXGroup;
			children = (
				53F7CC8326FE8B450005D88E /* App */,
				53F7CC9026FE8D110005D88E /* Common */,
			);
			path = SpaceX;
			sourceTree = "<group>";
		};
		53FD54F826FDD97D00F43C9C /* Assets */ = {
			isa = PBXGroup;
			children = (
				53FD552F26FDF79F00F43C9C /* Info.plist */,
				53FD54FA26FDD97D00F43C9C /* Assets.docc */,
				53FD54F926FDD97D00F43C9C /* Assets.h */,
				53FD550526FDD98900F43C9C /* Base */,
				53FD550826FDDA2E00F43C9C /* Colors */,
				53FD551E26FDF21B00F43C9C /* Fonts */,
				53FD551526FDEB3400F43C9C /* Icons and images */,
				53FD551126FDE06200F43C9C /* Resources */,
			);
			path = Assets;
			sourceTree = "<group>";
		};
		53FD550526FDD98900F43C9C /* Base */ = {
			isa = PBXGroup;
			children = (
				53FD550626FDD99300F43C9C /* Asset.swift */,
			);
			path = Base;
			sourceTree = "<group>";
		};
		53FD550826FDDA2E00F43C9C /* Colors */ = {
			isa = PBXGroup;
			children = (
				53FD550C26FDDC5800F43C9C /* Source */,
				53FD550926FDDA3800F43C9C /* Protocols */,
			);
			path = Colors;
			sourceTree = "<group>";
		};
		53FD550926FDDA3800F43C9C /* Protocols */ = {
			isa = PBXGroup;
			children = (
				53FD550A26FDDA4800F43C9C /* ColorAsset.swift */,
			);
			path = Protocols;
			sourceTree = "<group>";
		};
		53FD550C26FDDC5800F43C9C /* Source */ = {
			isa = PBXGroup;
			children = (
				53FD550D26FDDC6500F43C9C /* ColorAssets.swift */,
				53FD551226FDE29100F43C9C /* ColorDummy.swift */,
			);
			path = Source;
			sourceTree = "<group>";
		};
		53FD551126FDE06200F43C9C /* Resources */ = {
			isa = PBXGroup;
			children = (
				53FD550F26FDDDE400F43C9C /* Assets.xcassets */,
			);
			path = Resources;
			sourceTree = "<group>";
		};
		53FD551526FDEB3400F43C9C /* Icons and images */ = {
			isa = PBXGroup;
			children = (
				53FD551626FDEB4400F43C9C /* Protocols */,
				53FD551726FDEB4D00F43C9C /* Source */,
			);
			path = "Icons and images";
			sourceTree = "<group>";
		};
		53FD551626FDEB4400F43C9C /* Protocols */ = {
			isa = PBXGroup;
			children = (
				53FD551826FDEC1700F43C9C /* ImageAsset.swift */,
			);
			path = Protocols;
			sourceTree = "<group>";
		};
		53FD551726FDEB4D00F43C9C /* Source */ = {
			isa = PBXGroup;
			children = (
				53FD551A26FDED2300F43C9C /* ImageAssets.swift */,
				53FD551C26FDEF2A00F43C9C /* ImageDummy.swift */,
			);
			path = Source;
			sourceTree = "<group>";
		};
		53FD551E26FDF21B00F43C9C /* Fonts */ = {
			isa = PBXGroup;
			children = (
				53FD552026FDF26E00F43C9C /* Extension */,
				53FD551F26FDF26700F43C9C /* Font resources */,
			);
			path = Fonts;
			sourceTree = "<group>";
		};
		53FD551F26FDF26700F43C9C /* Font resources */ = {
			isa = PBXGroup;
			children = (
				53FD552326FDF35700F43C9C /* SFPro-Bold.OTF */,
				53FD552426FDF35700F43C9C /* SFPro-Medium.OTF */,
				53FD552526FDF35700F43C9C /* SFPro-Regular.OTF */,
			);
			path = "Font resources";
			sourceTree = "<group>";
		};
		53FD552026FDF26E00F43C9C /* Extension */ = {
			isa = PBXGroup;
			children = (
				53FD552126FDF28400F43C9C /* Font-SpaceX.swift */,
			);
			path = Extension;
			sourceTree = "<group>";
		};
		53FD553626FDFAAC00F43C9C /* Model */ = {
			isa = PBXGroup;
			children = (
				53FD553826FDFAAC00F43C9C /* Model.docc */,
				53FD553726FDFAAC00F43C9C /* Model.h */,
				53FD554226FDFEA100F43C9C /* Source */,
			);
			path = Model;
			sourceTree = "<group>";
		};
		53FD554226FDFEA100F43C9C /* Source */ = {
			isa = PBXGroup;
			children = (
				53FD554926FE02F900F43C9C /* Launch list */,
			);
			path = Source;
			sourceTree = "<group>";
		};
		53FD554926FE02F900F43C9C /* Launch list */ = {
			isa = PBXGroup;
			children = (
				53FD554B26FE079900F43C9C /* CompanyInfo.swift */,
				53FD554326FE001900F43C9C /* LaunchDetailsItem.swift */,
				53FD554726FE02F500F43C9C /* LinkDetails.swift */,
				53FD554526FE012900F43C9C /* RocketDetails.swift */,
				53F7CCD02700FF560005D88E /* LaunchListHeaderModel.swift */,
				53F7CCFA2701C3E20005D88E /* LaunchListFilters.swift */,
			);
			path = "Launch list";
			sourceTree = "<group>";
		};
		53FD555326FE169000F43C9C /* Networking */ = {
			isa = PBXGroup;
			children = (
				53FD555426FE169000F43C9C /* Networking.h */,
				53FD555D26FE21EF00F43C9C /* Source */,
			);
			path = Networking;
			sourceTree = "<group>";
		};
		53FD555D26FE21EF00F43C9C /* Source */ = {
			isa = PBXGroup;
			children = (
				53FD555E26FE220B00F43C9C /* Networking.swift */,
				53FD55AC26FE38F900F43C9C /* Api resource */,
				53FD55A226FE369600F43C9C /* Extensions */,
				53FD559E26FE366B00F43C9C /* Models */,
				53FD559B26FE361A00F43C9C /* Protocols */,
				53FD556B26FE310000F43C9C /* Services */,
				53FD556026FE222A00F43C9C /* Utility */,
			);
			path = Source;
			sourceTree = "<group>";
		};
		53FD556026FE222A00F43C9C /* Utility */ = {
			isa = PBXGroup;
			children = (
				53FD556126FE223A00F43C9C /* JSONFormatter.swift */,
				53FD556326FE224900F43C9C /* Host.swift */,
				53FD556526FE30B400F43C9C /* UrlQueryBuilder.swift */,
				53FD556726FE30D600F43C9C /* JSONEncoder.swift */,
				53FD556926FE30EA00F43C9C /* NetworkEventMonitor.swift */,
			);
			path = Utility;
			sourceTree = "<group>";
		};
		53FD556B26FE310000F43C9C /* Services */ = {
			isa = PBXGroup;
			children = (
				53FD556C26FE310B00F43C9C /* Domain */,
			);
			path = Services;
			sourceTree = "<group>";
		};
		53FD556C26FE310B00F43C9C /* Domain */ = {
			isa = PBXGroup;
			children = (
				53FD556D26FE314600F43C9C /* LaunchListNetworkService.swift */,
			);
			path = Domain;
			sourceTree = "<group>";
		};
		53FD557526FE320800F43C9C /* SPMLibaries */ = {
			isa = PBXGroup;
			children = (
				53FD557626FE320800F43C9C /* SPMLibaries.h */,
			);
			path = SPMLibaries;
			sourceTree = "<group>";
		};
		53FD557F26FE323B00F43C9C /* Frameworks */ = {
			isa = PBXGroup;
			children = (
			);
			name = Frameworks;
			sourceTree = "<group>";
		};
		53FD559B26FE361A00F43C9C /* Protocols */ = {
			isa = PBXGroup;
			children = (
				53FD559C26FE362300F43C9C /* Resource.swift */,
			);
			path = Protocols;
			sourceTree = "<group>";
		};
		53FD559E26FE366B00F43C9C /* Models */ = {
			isa = PBXGroup;
			children = (
				53FD559F26FE367100F43C9C /* Response */,
			);
			path = Models;
			sourceTree = "<group>";
		};
		53FD559F26FE367100F43C9C /* Response */ = {
			isa = PBXGroup;
			children = (
				53FD55A026FE367C00F43C9C /* ApiResponseContainer.swift */,
			);
			path = Response;
			sourceTree = "<group>";
		};
		53FD55A226FE369600F43C9C /* Extensions */ = {
			isa = PBXGroup;
			children = (
				53FD55A926FE389B00F43C9C /* Alamofire */,
				53FD55A626FE387A00F43C9C /* Decoding */,
				53FD55A326FE369C00F43C9C /* Foundation */,
			);
			path = Extensions;
			sourceTree = "<group>";
		};
		53FD55A326FE369C00F43C9C /* Foundation */ = {
			isa = PBXGroup;
			children = (
				53FD55A426FE386200F43C9C /* String-Networking.swift */,
			);
			path = Foundation;
			sourceTree = "<group>";
		};
		53FD55A626FE387A00F43C9C /* Decoding */ = {
			isa = PBXGroup;
			children = (
				53FD55A726FE388B00F43C9C /* Decoding-Networking.swift */,
			);
			path = Decoding;
			sourceTree = "<group>";
		};
		53FD55A926FE389B00F43C9C /* Alamofire */ = {
			isa = PBXGroup;
			children = (
				53FD55AA26FE38AF00F43C9C /* Session-Networking.swift */,
			);
			path = Alamofire;
			sourceTree = "<group>";
		};
		53FD55AC26FE38F900F43C9C /* Api resource */ = {
			isa = PBXGroup;
			children = (
				53FD55AD26FE3B3600F43C9C /* LaunchListResource.swift */,
			);
			path = "Api resource";
			sourceTree = "<group>";
		};
/* End PBXGroup section */

/* Begin PBXHeadersBuildPhase section */
		53FD54F226FDD97D00F43C9C /* Headers */ = {
			isa = PBXHeadersBuildPhase;
			buildActionMask = 2147483647;
			files = (
				53FD54FC26FDD97D00F43C9C /* Assets.h in Headers */,
			);
			runOnlyForDeploymentPostprocessing = 0;
		};
		53FD553026FDFAAC00F43C9C /* Headers */ = {
			isa = PBXHeadersBuildPhase;
			buildActionMask = 2147483647;
			files = (
				53FD553A26FDFAAC00F43C9C /* Model.h in Headers */,
			);
			runOnlyForDeploymentPostprocessing = 0;
		};
		53FD554D26FE169000F43C9C /* Headers */ = {
			isa = PBXHeadersBuildPhase;
			buildActionMask = 2147483647;
			files = (
				53FD555526FE169000F43C9C /* Networking.h in Headers */,
			);
			runOnlyForDeploymentPostprocessing = 0;
		};
		53FD556F26FE320800F43C9C /* Headers */ = {
			isa = PBXHeadersBuildPhase;
			buildActionMask = 2147483647;
			files = (
				53FD557726FE320800F43C9C /* SPMLibaries.h in Headers */,
			);
			runOnlyForDeploymentPostprocessing = 0;
		};
/* End PBXHeadersBuildPhase section */

/* Begin PBXNativeTarget section */
		53FD54CE26FD0E2C00F43C9C /* SpaceX */ = {
			isa = PBXNativeTarget;
			buildConfigurationList = 53FD54E326FD0E2C00F43C9C /* Build configuration list for PBXNativeTarget "SpaceX" */;
			buildPhases = (
				53FD54CB26FD0E2C00F43C9C /* Sources */,
				53FD54CC26FD0E2C00F43C9C /* Frameworks */,
				53FD54CD26FD0E2C00F43C9C /* Resources */,
				53FD550426FDD97D00F43C9C /* Embed Frameworks */,
			);
			buildRules = (
			);
			dependencies = (
				53FD54FE26FDD97D00F43C9C /* PBXTargetDependency */,
				53FD553C26FDFAAC00F43C9C /* PBXTargetDependency */,
				53FD555726FE169000F43C9C /* PBXTargetDependency */,
				53FD557926FE320800F43C9C /* PBXTargetDependency */,
			);
			name = SpaceX;
			packageProductDependencies = (
			);
			productName = SpaceX;
			productReference = 53FD54CF26FD0E2C00F43C9C /* SpaceX.app */;
			productType = "com.apple.product-type.application";
		};
		53FD54F626FDD97D00F43C9C /* Assets */ = {
			isa = PBXNativeTarget;
			buildConfigurationList = 53FD550126FDD97D00F43C9C /* Build configuration list for PBXNativeTarget "Assets" */;
			buildPhases = (
				53FD54F226FDD97D00F43C9C /* Headers */,
				53FD54F326FDD97D00F43C9C /* Sources */,
				53FD54F426FDD97D00F43C9C /* Frameworks */,
				53FD54F526FDD97D00F43C9C /* Resources */,
			);
			buildRules = (
			);
			dependencies = (
			);
			name = Assets;
			productName = Assets;
			productReference = 53FD54F726FDD97D00F43C9C /* Assets.framework */;
			productType = "com.apple.product-type.framework";
		};
		53FD553426FDFAAC00F43C9C /* Model */ = {
			isa = PBXNativeTarget;
			buildConfigurationList = 53FD553F26FDFAAC00F43C9C /* Build configuration list for PBXNativeTarget "Model" */;
			buildPhases = (
				53FD553026FDFAAC00F43C9C /* Headers */,
				53FD553126FDFAAC00F43C9C /* Sources */,
				53FD553226FDFAAC00F43C9C /* Frameworks */,
				53FD553326FDFAAC00F43C9C /* Resources */,
				53FD559126FE32B300F43C9C /* Embed Frameworks */,
			);
			buildRules = (
			);
			dependencies = (
				53FD559026FE32B300F43C9C /* PBXTargetDependency */,
			);
			name = Model;
			productName = Model;
			productReference = 53FD553526FDFAAC00F43C9C /* Model.framework */;
			productType = "com.apple.product-type.framework";
		};
		53FD555126FE169000F43C9C /* Networking */ = {
			isa = PBXNativeTarget;
			buildConfigurationList = 53FD555A26FE169000F43C9C /* Build configuration list for PBXNativeTarget "Networking" */;
			buildPhases = (
				53FD554D26FE169000F43C9C /* Headers */,
				53FD554E26FE169000F43C9C /* Sources */,
				53FD554F26FE169000F43C9C /* Frameworks */,
				53FD555026FE169000F43C9C /* Resources */,
				53FD559626FE32B800F43C9C /* Embed Frameworks */,
			);
			buildRules = (
			);
			dependencies = (
				53FD559526FE32B800F43C9C /* PBXTargetDependency */,
				53FD559A26FE32BB00F43C9C /* PBXTargetDependency */,
			);
			name = Networking;
			productName = Networking;
			productReference = 53FD555226FE169000F43C9C /* Networking.framework */;
			productType = "com.apple.product-type.framework";
		};
		53FD557326FE320800F43C9C /* SPMLibaries */ = {
			isa = PBXNativeTarget;
			buildConfigurationList = 53FD557C26FE320800F43C9C /* Build configuration list for PBXNativeTarget "SPMLibaries" */;
			buildPhases = (
				53FD556F26FE320800F43C9C /* Headers */,
				53FD557026FE320800F43C9C /* Sources */,
				53FD557126FE320800F43C9C /* Frameworks */,
				53FD557226FE320800F43C9C /* Resources */,
			);
			buildRules = (
			);
			dependencies = (
			);
			name = SPMLibaries;
			packageProductDependencies = (
				53FD558026FE323B00F43C9C /* Alamofire */,
				53FD558226FE324100F43C9C /* SnapKit */,
				53FD558426FE324700F43C9C /* Promises */,
				53FD558626FE324F00F43C9C /* Kingfisher */,
			);
			productName = SPMLibaries;
			productReference = 53FD557426FE320800F43C9C /* SPMLibaries.framework */;
			productType = "com.apple.product-type.framework";
		};
/* End PBXNativeTarget section */

/* Begin PBXProject section */
		53FD54C726FD0E2C00F43C9C /* Project object */ = {
			isa = PBXProject;
			attributes = {
				BuildIndependentTargetsInParallel = 1;
				LastSwiftUpdateCheck = 1300;
				LastUpgradeCheck = 1300;
				TargetAttributes = {
					53FD54CE26FD0E2C00F43C9C = {
						CreatedOnToolsVersion = 13.0;
					};
					53FD54F626FDD97D00F43C9C = {
						CreatedOnToolsVersion = 13.0;
					};
					53FD553426FDFAAC00F43C9C = {
						CreatedOnToolsVersion = 13.0;
					};
					53FD555126FE169000F43C9C = {
						CreatedOnToolsVersion = 13.0;
						LastSwiftMigration = 1300;
					};
					53FD557326FE320800F43C9C = {
						CreatedOnToolsVersion = 13.0;
					};
				};
			};
			buildConfigurationList = 53FD54CA26FD0E2C00F43C9C /* Build configuration list for PBXProject "SpaceX" */;
			compatibilityVersion = "Xcode 13.0";
			developmentRegion = en;
			hasScannedForEncodings = 0;
			knownRegions = (
				en,
				Base,
			);
			mainGroup = 53FD54C626FD0E2C00F43C9C;
			packageReferences = (
				53FD54E626FDD5EE00F43C9C /* XCRemoteSwiftPackageReference "Alamofire" */,
				53FD54E926FDD63C00F43C9C /* XCRemoteSwiftPackageReference "Kingfisher" */,
				53FD54EC26FDD67600F43C9C /* XCRemoteSwiftPackageReference "promises" */,
				53FD54EF26FDD76000F43C9C /* XCRemoteSwiftPackageReference "SnapKit" */,
			);
			productRefGroup = 53FD54D026FD0E2C00F43C9C /* Products */;
			projectDirPath = "";
			projectRoot = "";
			targets = (
				53FD54CE26FD0E2C00F43C9C /* SpaceX */,
				53FD54F626FDD97D00F43C9C /* Assets */,
				53FD553426FDFAAC00F43C9C /* Model */,
				53FD555126FE169000F43C9C /* Networking */,
				53FD557326FE320800F43C9C /* SPMLibaries */,
			);
		};
/* End PBXProject section */

/* Begin PBXResourcesBuildPhase section */
		53FD54CD26FD0E2C00F43C9C /* Resources */ = {
			isa = PBXResourcesBuildPhase;
			buildActionMask = 2147483647;
			files = (
				53FD54DF26FD0E2C00F43C9C /* LaunchScreen.storyboard in Resources */,
				53FD54DC26FD0E2C00F43C9C /* Assets.xcassets in Resources */,
				53FD552926FDF36000F43C9C /* SFPro-Regular.OTF in Resources */,
				53FD552B26FDF36000F43C9C /* SFPro-Bold.OTF in Resources */,
				53FD551426FDE2E300F43C9C /* Assets.xcassets in Resources */,
				53FD552A26FDF36000F43C9C /* SFPro-Medium.OTF in Resources */,
			);
			runOnlyForDeploymentPostprocessing = 0;
		};
		53FD54F526FDD97D00F43C9C /* Resources */ = {
			isa = PBXResourcesBuildPhase;
			buildActionMask = 2147483647;
			files = (
				53FD551026FDDDE400F43C9C /* Assets.xcassets in Resources */,
				53FD552826FDF35700F43C9C /* SFPro-Regular.OTF in Resources */,
				53FD552626FDF35700F43C9C /* SFPro-Bold.OTF in Resources */,
				53FD552726FDF35700F43C9C /* SFPro-Medium.OTF in Resources */,
			);
			runOnlyForDeploymentPostprocessing = 0;
		};
		53FD553326FDFAAC00F43C9C /* Resources */ = {
			isa = PBXResourcesBuildPhase;
			buildActionMask = 2147483647;
			files = (
			);
			runOnlyForDeploymentPostprocessing = 0;
		};
		53FD555026FE169000F43C9C /* Resources */ = {
			isa = PBXResourcesBuildPhase;
			buildActionMask = 2147483647;
			files = (
			);
			runOnlyForDeploymentPostprocessing = 0;
		};
		53FD557226FE320800F43C9C /* Resources */ = {
			isa = PBXResourcesBuildPhase;
			buildActionMask = 2147483647;
			files = (
			);
			runOnlyForDeploymentPostprocessing = 0;
		};
/* End PBXResourcesBuildPhase section */

/* Begin PBXSourcesBuildPhase section */
		53FD54CB26FD0E2C00F43C9C /* Sources */ = {
			isa = PBXSourcesBuildPhase;
			buildActionMask = 2147483647;
			files = (
				53F7CCF42701C04C0005D88E /* LaunchFiltersPresenter.swift in Sources */,
				53F7CCC227008CDE0005D88E /* UIView-SpaceX.swift in Sources */,
				53F7CCE327015EB90005D88E /* AlertEnums.swift in Sources */,
				53F7CCA526FE90270005D88E /* DataSourceProtocol.swift in Sources */,
				53F7CC8D26FE8BAE0005D88E /* LaunchListViewController.swift in Sources */,
				53F7CCA326FE90000005D88E /* SectionProtocol.swift in Sources */,
				53F7CD03270276A50005D88E /* MessagePopupViewEnum.swift in Sources */,
				53F7CCE5270160A60005D88E /* Router.swift in Sources */,
				53F7CCE7270163750005D88E /* UIViewController-SpaceX.swift in Sources */,
				53F7CCA026FE8FE90005D88E /* NavigationBarSetupable.swift in Sources */,
				53F7CCF72701C04C0005D88E /* LaunchFiltersInteractor.swift in Sources */,
				53F7CCF52701C04C0005D88E /* LaunchFiltersRouter.swift in Sources */,
				53F7CCCF2700C7590005D88E /* TimeDateFormatter.swift in Sources */,
				53F7CC9C26FE8DDE0005D88E /* AppearanceCustomisationStartupProcess.swift in Sources */,
				53F7CCAA26FE90960005D88E /* ReusableView.swift in Sources */,
				53F7CCC72700A4E10005D88E /* HeaderView.swift in Sources */,
				53F7CCC42700A2340005D88E /* LaunchListCompanyInfoCell.swift in Sources */,
				53F7CCB026FE91430005D88E /* String-SpaceX.swift in Sources */,
				53F7CCFE2702744A0005D88E /* MessagePopupView.swift in Sources */,
				53F7CCB426FE91860005D88E /* UIAplication-SpaceX.swift in Sources */,
				53F7CCC0270056E30005D88E /* LaunchListCell.swift in Sources */,
				53F7CC9A26FE8DCF0005D88E /* StartupProcessService.swift in Sources */,
				53F7CCD8270155B30005D88E /* AlertAction.swift in Sources */,
				53F7CCE92701B8510005D88E /* UIBarButton-SpaceX.swift in Sources */,
				53F7CCE127015B8C0005D88E /* AlertViewController-SpaceX.swift in Sources */,
				53F7CCA826FE90860005D88E /* Globals.swift in Sources */,
				53F7CC9826FE8DBA0005D88E /* StartupProcess.swift in Sources */,
				53F7CC8B26FE8BAE0005D88E /* LaunchListPresenter.swift in Sources */,
				53F7CCDE270158D70005D88E /* StackedInfoView.swift in Sources */,
				53F7CCAE26FE90EB0005D88E /* Collection-SpaceX.swift in Sources */,
				53FD54D326FD0E2C00F43C9C /* AppDelegate.swift in Sources */,
				53F7CCCD2700C5A20005D88E /* LaunchListDataSource.swift in Sources */,
				53F7CC8A26FE8BAE0005D88E /* LaunchListContentView.swift in Sources */,
				53F7CD05270277ED0005D88E /* MessagePopupViewPresentable.swift in Sources */,
				53F7CC8C26FE8BAE0005D88E /* LaunchListRouter.swift in Sources */,
				53F7CCB626FE926D0005D88E /* UITableView-SpaceX.swift in Sources */,
				53F7CCDA270157950005D88E /* AlertContentView.swift in Sources */,
				53F7CCF32701C04C0005D88E /* LaunchFiltersContentView.swift in Sources */,
				53F7CCD5270155880005D88E /* AlertViewController.swift in Sources */,
				53F7CCF62701C04C0005D88E /* LaunchFiltersViewController.swift in Sources */,
				53F7CC8E26FE8BAE0005D88E /* LaunchListInteractor.swift in Sources */,
			);
			runOnlyForDeploymentPostprocessing = 0;
		};
		53FD54F326FDD97D00F43C9C /* Sources */ = {
			isa = PBXSourcesBuildPhase;
			buildActionMask = 2147483647;
			files = (
				53FD551926FDEC1700F43C9C /* ImageAsset.swift in Sources */,
				53FD550726FDD99300F43C9C /* Asset.swift in Sources */,
				53FD551D26FDEF2A00F43C9C /* ImageDummy.swift in Sources */,
				53FD550B26FDDA4800F43C9C /* ColorAsset.swift in Sources */,
				53FD551326FDE29100F43C9C /* ColorDummy.swift in Sources */,
				53FD550E26FDDC6500F43C9C /* ColorAssets.swift in Sources */,
				53FD551B26FDED2300F43C9C /* ImageAssets.swift in Sources */,
				53FD54FB26FDD97D00F43C9C /* Assets.docc in Sources */,
				53FD552226FDF28400F43C9C /* Font-SpaceX.swift in Sources */,
			);
			runOnlyForDeploymentPostprocessing = 0;
		};
		53FD553126FDFAAC00F43C9C /* Sources */ = {
			isa = PBXSourcesBuildPhase;
			buildActionMask = 2147483647;
			files = (
				53FD554826FE02F500F43C9C /* LinkDetails.swift in Sources */,
				53FD554C26FE079900F43C9C /* CompanyInfo.swift in Sources */,
				53FD553926FDFAAC00F43C9C /* Model.docc in Sources */,
				53F7CCD12700FF560005D88E /* LaunchListHeaderModel.swift in Sources */,
				53FD554626FE012900F43C9C /* RocketDetails.swift in Sources */,
				53F7CCFB2701C3E20005D88E /* LaunchListFilters.swift in Sources */,
				53FD554426FE001900F43C9C /* LaunchDetailsItem.swift in Sources */,
			);
			runOnlyForDeploymentPostprocessing = 0;
		};
		53FD554E26FE169000F43C9C /* Sources */ = {
			isa = PBXSourcesBuildPhase;
			buildActionMask = 2147483647;
			files = (
				53FD55A526FE386200F43C9C /* String-Networking.swift in Sources */,
				53FD556826FE30D600F43C9C /* JSONEncoder.swift in Sources */,
				53FD559D26FE362300F43C9C /* Resource.swift in Sources */,
				53FD556626FE30B400F43C9C /* UrlQueryBuilder.swift in Sources */,
				53FD55AB26FE38AF00F43C9C /* Session-Networking.swift in Sources */,
				53FD55AE26FE3B3600F43C9C /* LaunchListResource.swift in Sources */,
				53FD556426FE224900F43C9C /* Host.swift in Sources */,
				53FD556226FE223A00F43C9C /* JSONFormatter.swift in Sources */,
				53FD55A826FE388B00F43C9C /* Decoding-Networking.swift in Sources */,
				53FD556A26FE30EA00F43C9C /* NetworkEventMonitor.swift in Sources */,
				53FD556E26FE314600F43C9C /* LaunchListNetworkService.swift in Sources */,
				53FD555F26FE220B00F43C9C /* Networking.swift in Sources */,
				53FD55A126FE367C00F43C9C /* ApiResponseContainer.swift in Sources */,
			);
			runOnlyForDeploymentPostprocessing = 0;
		};
		53FD557026FE320800F43C9C /* Sources */ = {
			isa = PBXSourcesBuildPhase;
			buildActionMask = 2147483647;
			files = (
			);
			runOnlyForDeploymentPostprocessing = 0;
		};
/* End PBXSourcesBuildPhase section */

/* Begin PBXTargetDependency section */
		53FD54FE26FDD97D00F43C9C /* PBXTargetDependency */ = {
			isa = PBXTargetDependency;
			target = 53FD54F626FDD97D00F43C9C /* Assets */;
			targetProxy = 53FD54FD26FDD97D00F43C9C /* PBXContainerItemProxy */;
		};
		53FD553C26FDFAAC00F43C9C /* PBXTargetDependency */ = {
			isa = PBXTargetDependency;
			target = 53FD553426FDFAAC00F43C9C /* Model */;
			targetProxy = 53FD553B26FDFAAC00F43C9C /* PBXContainerItemProxy */;
		};
		53FD555726FE169000F43C9C /* PBXTargetDependency */ = {
			isa = PBXTargetDependency;
			target = 53FD555126FE169000F43C9C /* Networking */;
			targetProxy = 53FD555626FE169000F43C9C /* PBXContainerItemProxy */;
		};
		53FD557926FE320800F43C9C /* PBXTargetDependency */ = {
			isa = PBXTargetDependency;
			target = 53FD557326FE320800F43C9C /* SPMLibaries */;
			targetProxy = 53FD557826FE320800F43C9C /* PBXContainerItemProxy */;
		};
		53FD559026FE32B300F43C9C /* PBXTargetDependency */ = {
			isa = PBXTargetDependency;
			target = 53FD557326FE320800F43C9C /* SPMLibaries */;
			targetProxy = 53FD558F26FE32B300F43C9C /* PBXContainerItemProxy */;
		};
		53FD559526FE32B800F43C9C /* PBXTargetDependency */ = {
			isa = PBXTargetDependency;
			target = 53FD557326FE320800F43C9C /* SPMLibaries */;
			targetProxy = 53FD559426FE32B800F43C9C /* PBXContainerItemProxy */;
		};
		53FD559A26FE32BB00F43C9C /* PBXTargetDependency */ = {
			isa = PBXTargetDependency;
			target = 53FD553426FDFAAC00F43C9C /* Model */;
			targetProxy = 53FD559926FE32BB00F43C9C /* PBXContainerItemProxy */;
		};
/* End PBXTargetDependency section */

/* Begin PBXVariantGroup section */
		53FD54DD26FD0E2C00F43C9C /* LaunchScreen.storyboard */ = {
			isa = PBXVariantGroup;
			children = (
				53FD54DE26FD0E2C00F43C9C /* Base */,
			);
			name = LaunchScreen.storyboard;
			sourceTree = "<group>";
		};
/* End PBXVariantGroup section */

/* Begin XCBuildConfiguration section */
		53FD54E126FD0E2C00F43C9C /* Debug */ = {
			isa = XCBuildConfiguration;
			buildSettings = {
				ALWAYS_SEARCH_USER_PATHS = NO;
				CLANG_ANALYZER_NONNULL = YES;
				CLANG_ANALYZER_NUMBER_OBJECT_CONVERSION = YES_AGGRESSIVE;
				CLANG_CXX_LANGUAGE_STANDARD = "gnu++17";
				CLANG_CXX_LIBRARY = "libc++";
				CLANG_ENABLE_MODULES = YES;
				CLANG_ENABLE_OBJC_ARC = YES;
				CLANG_ENABLE_OBJC_WEAK = YES;
				CLANG_WARN_BLOCK_CAPTURE_AUTORELEASING = YES;
				CLANG_WARN_BOOL_CONVERSION = YES;
				CLANG_WARN_COMMA = YES;
				CLANG_WARN_CONSTANT_CONVERSION = YES;
				CLANG_WARN_DEPRECATED_OBJC_IMPLEMENTATIONS = YES;
				CLANG_WARN_DIRECT_OBJC_ISA_USAGE = YES_ERROR;
				CLANG_WARN_DOCUMENTATION_COMMENTS = YES;
				CLANG_WARN_EMPTY_BODY = YES;
				CLANG_WARN_ENUM_CONVERSION = YES;
				CLANG_WARN_INFINITE_RECURSION = YES;
				CLANG_WARN_INT_CONVERSION = YES;
				CLANG_WARN_NON_LITERAL_NULL_CONVERSION = YES;
				CLANG_WARN_OBJC_IMPLICIT_RETAIN_SELF = YES;
				CLANG_WARN_OBJC_LITERAL_CONVERSION = YES;
				CLANG_WARN_OBJC_ROOT_CLASS = YES_ERROR;
				CLANG_WARN_QUOTED_INCLUDE_IN_FRAMEWORK_HEADER = YES;
				CLANG_WARN_RANGE_LOOP_ANALYSIS = YES;
				CLANG_WARN_STRICT_PROTOTYPES = YES;
				CLANG_WARN_SUSPICIOUS_MOVE = YES;
				CLANG_WARN_UNGUARDED_AVAILABILITY = YES_AGGRESSIVE;
				CLANG_WARN_UNREACHABLE_CODE = YES;
				CLANG_WARN__DUPLICATE_METHOD_MATCH = YES;
				COPY_PHASE_STRIP = NO;
				DEBUG_INFORMATION_FORMAT = dwarf;
				ENABLE_STRICT_OBJC_MSGSEND = YES;
				ENABLE_TESTABILITY = YES;
				GCC_C_LANGUAGE_STANDARD = gnu11;
				GCC_DYNAMIC_NO_PIC = NO;
				GCC_NO_COMMON_BLOCKS = YES;
				GCC_OPTIMIZATION_LEVEL = 0;
				GCC_PREPROCESSOR_DEFINITIONS = (
					"DEBUG=1",
					"$(inherited)",
				);
				GCC_WARN_64_TO_32_BIT_CONVERSION = YES;
				GCC_WARN_ABOUT_RETURN_TYPE = YES_ERROR;
				GCC_WARN_UNDECLARED_SELECTOR = YES;
				GCC_WARN_UNINITIALIZED_AUTOS = YES_AGGRESSIVE;
				GCC_WARN_UNUSED_FUNCTION = YES;
				GCC_WARN_UNUSED_VARIABLE = YES;
				IPHONEOS_DEPLOYMENT_TARGET = 15.0;
				MTL_ENABLE_DEBUG_INFO = INCLUDE_SOURCE;
				MTL_FAST_MATH = YES;
				ONLY_ACTIVE_ARCH = YES;
				SDKROOT = iphoneos;
				SWIFT_ACTIVE_COMPILATION_CONDITIONS = DEBUG;
				SWIFT_OPTIMIZATION_LEVEL = "-Onone";
			};
			name = Debug;
		};
		53FD54E226FD0E2C00F43C9C /* Release */ = {
			isa = XCBuildConfiguration;
			buildSettings = {
				ALWAYS_SEARCH_USER_PATHS = NO;
				CLANG_ANALYZER_NONNULL = YES;
				CLANG_ANALYZER_NUMBER_OBJECT_CONVERSION = YES_AGGRESSIVE;
				CLANG_CXX_LANGUAGE_STANDARD = "gnu++17";
				CLANG_CXX_LIBRARY = "libc++";
				CLANG_ENABLE_MODULES = YES;
				CLANG_ENABLE_OBJC_ARC = YES;
				CLANG_ENABLE_OBJC_WEAK = YES;
				CLANG_WARN_BLOCK_CAPTURE_AUTORELEASING = YES;
				CLANG_WARN_BOOL_CONVERSION = YES;
				CLANG_WARN_COMMA = YES;
				CLANG_WARN_CONSTANT_CONVERSION = YES;
				CLANG_WARN_DEPRECATED_OBJC_IMPLEMENTATIONS = YES;
				CLANG_WARN_DIRECT_OBJC_ISA_USAGE = YES_ERROR;
				CLANG_WARN_DOCUMENTATION_COMMENTS = YES;
				CLANG_WARN_EMPTY_BODY = YES;
				CLANG_WARN_ENUM_CONVERSION = YES;
				CLANG_WARN_INFINITE_RECURSION = YES;
				CLANG_WARN_INT_CONVERSION = YES;
				CLANG_WARN_NON_LITERAL_NULL_CONVERSION = YES;
				CLANG_WARN_OBJC_IMPLICIT_RETAIN_SELF = YES;
				CLANG_WARN_OBJC_LITERAL_CONVERSION = YES;
				CLANG_WARN_OBJC_ROOT_CLASS = YES_ERROR;
				CLANG_WARN_QUOTED_INCLUDE_IN_FRAMEWORK_HEADER = YES;
				CLANG_WARN_RANGE_LOOP_ANALYSIS = YES;
				CLANG_WARN_STRICT_PROTOTYPES = YES;
				CLANG_WARN_SUSPICIOUS_MOVE = YES;
				CLANG_WARN_UNGUARDED_AVAILABILITY = YES_AGGRESSIVE;
				CLANG_WARN_UNREACHABLE_CODE = YES;
				CLANG_WARN__DUPLICATE_METHOD_MATCH = YES;
				COPY_PHASE_STRIP = NO;
				DEBUG_INFORMATION_FORMAT = "dwarf-with-dsym";
				ENABLE_NS_ASSERTIONS = NO;
				ENABLE_STRICT_OBJC_MSGSEND = YES;
				GCC_C_LANGUAGE_STANDARD = gnu11;
				GCC_NO_COMMON_BLOCKS = YES;
				GCC_WARN_64_TO_32_BIT_CONVERSION = YES;
				GCC_WARN_ABOUT_RETURN_TYPE = YES_ERROR;
				GCC_WARN_UNDECLARED_SELECTOR = YES;
				GCC_WARN_UNINITIALIZED_AUTOS = YES_AGGRESSIVE;
				GCC_WARN_UNUSED_FUNCTION = YES;
				GCC_WARN_UNUSED_VARIABLE = YES;
				IPHONEOS_DEPLOYMENT_TARGET = 15.0;
				MTL_ENABLE_DEBUG_INFO = NO;
				MTL_FAST_MATH = YES;
				SDKROOT = iphoneos;
				SWIFT_COMPILATION_MODE = wholemodule;
				SWIFT_OPTIMIZATION_LEVEL = "-O";
				VALIDATE_PRODUCT = YES;
			};
			name = Release;
		};
		53FD54E426FD0E2C00F43C9C /* Debug */ = {
			isa = XCBuildConfiguration;
			buildSettings = {
				ALWAYS_EMBED_SWIFT_STANDARD_LIBRARIES = YES;
				ASSETCATALOG_COMPILER_APPICON_NAME = AppIcon;
				ASSETCATALOG_COMPILER_GLOBAL_ACCENT_COLOR_NAME = AccentColor;
				CODE_SIGN_STYLE = Automatic;
				CURRENT_PROJECT_VERSION = 1;
				DEVELOPMENT_TEAM = 69AX8GLMBG;
				GENERATE_INFOPLIST_FILE = YES;
				INFOPLIST_FILE = "SpaceX/Common/Resources/Supporting files/Info.plist";
				INFOPLIST_KEY_UIApplicationSupportsIndirectInputEvents = YES;
				INFOPLIST_KEY_UILaunchStoryboardName = LaunchScreen;
				INFOPLIST_KEY_UISupportedInterfaceOrientations = UIInterfaceOrientationPortrait;
				INFOPLIST_KEY_UISupportedInterfaceOrientations_iPad = "UIInterfaceOrientationPortrait UIInterfaceOrientationPortraitUpsideDown UIInterfaceOrientationLandscapeLeft UIInterfaceOrientationLandscapeRight";
				INFOPLIST_KEY_UISupportedInterfaceOrientations_iPhone = "UIInterfaceOrientationPortrait UIInterfaceOrientationLandscapeLeft UIInterfaceOrientationLandscapeRight";
				INFOPLIST_KEY_UIUserInterfaceStyle = Light;
				LD_RUNPATH_SEARCH_PATHS = (
					"$(inherited)",
					"@executable_path/Frameworks",
				);
				MARKETING_VERSION = 1.0;
				PRODUCT_BUNDLE_IDENTIFIER = luka.sarcevic.SpaceX;
				PRODUCT_NAME = "$(TARGET_NAME)";
				SWIFT_EMIT_LOC_STRINGS = YES;
				SWIFT_VERSION = 5.0;
				TARGETED_DEVICE_FAMILY = 1;
			};
			name = Debug;
		};
		53FD54E526FD0E2C00F43C9C /* Release */ = {
			isa = XCBuildConfiguration;
			buildSettings = {
				ALWAYS_EMBED_SWIFT_STANDARD_LIBRARIES = YES;
				ASSETCATALOG_COMPILER_APPICON_NAME = AppIcon;
				ASSETCATALOG_COMPILER_GLOBAL_ACCENT_COLOR_NAME = AccentColor;
				CODE_SIGN_STYLE = Automatic;
				CURRENT_PROJECT_VERSION = 1;
				DEVELOPMENT_TEAM = 69AX8GLMBG;
				GENERATE_INFOPLIST_FILE = YES;
				INFOPLIST_FILE = "SpaceX/Common/Resources/Supporting files/Info.plist";
				INFOPLIST_KEY_UIApplicationSupportsIndirectInputEvents = YES;
				INFOPLIST_KEY_UILaunchStoryboardName = LaunchScreen;
				INFOPLIST_KEY_UISupportedInterfaceOrientations = UIInterfaceOrientationPortrait;
				INFOPLIST_KEY_UISupportedInterfaceOrientations_iPad = "UIInterfaceOrientationPortrait UIInterfaceOrientationPortraitUpsideDown UIInterfaceOrientationLandscapeLeft UIInterfaceOrientationLandscapeRight";
				INFOPLIST_KEY_UISupportedInterfaceOrientations_iPhone = "UIInterfaceOrientationPortrait UIInterfaceOrientationLandscapeLeft UIInterfaceOrientationLandscapeRight";
				INFOPLIST_KEY_UIUserInterfaceStyle = Light;
				LD_RUNPATH_SEARCH_PATHS = (
					"$(inherited)",
					"@executable_path/Frameworks",
				);
				MARKETING_VERSION = 1.0;
				PRODUCT_BUNDLE_IDENTIFIER = luka.sarcevic.SpaceX;
				PRODUCT_NAME = "$(TARGET_NAME)";
				SWIFT_EMIT_LOC_STRINGS = YES;
				SWIFT_VERSION = 5.0;
				TARGETED_DEVICE_FAMILY = 1;
			};
			name = Release;
		};
		53FD550226FDD97D00F43C9C /* Debug */ = {
			isa = XCBuildConfiguration;
			buildSettings = {
				CODE_SIGN_STYLE = Automatic;
				CURRENT_PROJECT_VERSION = 1;
				DEFINES_MODULE = YES;
				DEVELOPMENT_TEAM = 69AX8GLMBG;
				DYLIB_COMPATIBILITY_VERSION = 1;
				DYLIB_CURRENT_VERSION = 1;
				DYLIB_INSTALL_NAME_BASE = "@rpath";
				GENERATE_INFOPLIST_FILE = YES;
				INFOPLIST_FILE = Assets/Info.plist;
				INFOPLIST_KEY_NSHumanReadableCopyright = "";
				INSTALL_PATH = "$(LOCAL_LIBRARY_DIR)/Frameworks";
				LD_RUNPATH_SEARCH_PATHS = (
					"$(inherited)",
					"@executable_path/Frameworks",
					"@loader_path/Frameworks",
				);
				MARKETING_VERSION = 1.0;
				PRODUCT_BUNDLE_IDENTIFIER = luka.sarcevic.Assets;
				PRODUCT_NAME = "$(TARGET_NAME:c99extidentifier)";
				SKIP_INSTALL = YES;
				SUPPORTS_MACCATALYST = NO;
				SWIFT_EMIT_LOC_STRINGS = YES;
				SWIFT_VERSION = 5.0;
				TARGETED_DEVICE_FAMILY = 1;
				VERSIONING_SYSTEM = "apple-generic";
				VERSION_INFO_PREFIX = "";
			};
			name = Debug;
		};
		53FD550326FDD97D00F43C9C /* Release */ = {
			isa = XCBuildConfiguration;
			buildSettings = {
				CODE_SIGN_STYLE = Automatic;
				CURRENT_PROJECT_VERSION = 1;
				DEFINES_MODULE = YES;
				DEVELOPMENT_TEAM = 69AX8GLMBG;
				DYLIB_COMPATIBILITY_VERSION = 1;
				DYLIB_CURRENT_VERSION = 1;
				DYLIB_INSTALL_NAME_BASE = "@rpath";
				GENERATE_INFOPLIST_FILE = YES;
				INFOPLIST_FILE = Assets/Info.plist;
				INFOPLIST_KEY_NSHumanReadableCopyright = "";
				INSTALL_PATH = "$(LOCAL_LIBRARY_DIR)/Frameworks";
				LD_RUNPATH_SEARCH_PATHS = (
					"$(inherited)",
					"@executable_path/Frameworks",
					"@loader_path/Frameworks",
				);
				MARKETING_VERSION = 1.0;
				PRODUCT_BUNDLE_IDENTIFIER = luka.sarcevic.Assets;
				PRODUCT_NAME = "$(TARGET_NAME:c99extidentifier)";
				SKIP_INSTALL = YES;
				SUPPORTS_MACCATALYST = NO;
				SWIFT_EMIT_LOC_STRINGS = YES;
				SWIFT_VERSION = 5.0;
				TARGETED_DEVICE_FAMILY = 1;
				VERSIONING_SYSTEM = "apple-generic";
				VERSION_INFO_PREFIX = "";
			};
			name = Release;
		};
		53FD554026FDFAAC00F43C9C /* Debug */ = {
			isa = XCBuildConfiguration;
			buildSettings = {
				CODE_SIGN_STYLE = Automatic;
				CURRENT_PROJECT_VERSION = 1;
				DEFINES_MODULE = YES;
				DEVELOPMENT_TEAM = 69AX8GLMBG;
				DYLIB_COMPATIBILITY_VERSION = 1;
				DYLIB_CURRENT_VERSION = 1;
				DYLIB_INSTALL_NAME_BASE = "@rpath";
				GENERATE_INFOPLIST_FILE = YES;
				INFOPLIST_KEY_NSHumanReadableCopyright = "";
				INSTALL_PATH = "$(LOCAL_LIBRARY_DIR)/Frameworks";
				LD_RUNPATH_SEARCH_PATHS = (
					"$(inherited)",
					"@executable_path/Frameworks",
					"@loader_path/Frameworks",
				);
				MARKETING_VERSION = 1.0;
				PRODUCT_BUNDLE_IDENTIFIER = luka.sarcevic.Model;
				PRODUCT_NAME = "$(TARGET_NAME:c99extidentifier)";
				SKIP_INSTALL = YES;
				SWIFT_EMIT_LOC_STRINGS = YES;
				SWIFT_VERSION = 5.0;
				TARGETED_DEVICE_FAMILY = "1,2";
				VERSIONING_SYSTEM = "apple-generic";
				VERSION_INFO_PREFIX = "";
			};
			name = Debug;
		};
		53FD554126FDFAAC00F43C9C /* Release */ = {
			isa = XCBuildConfiguration;
			buildSettings = {
				CODE_SIGN_STYLE = Automatic;
				CURRENT_PROJECT_VERSION = 1;
				DEFINES_MODULE = YES;
				DEVELOPMENT_TEAM = 69AX8GLMBG;
				DYLIB_COMPATIBILITY_VERSION = 1;
				DYLIB_CURRENT_VERSION = 1;
				DYLIB_INSTALL_NAME_BASE = "@rpath";
				GENERATE_INFOPLIST_FILE = YES;
				INFOPLIST_KEY_NSHumanReadableCopyright = "";
				INSTALL_PATH = "$(LOCAL_LIBRARY_DIR)/Frameworks";
				LD_RUNPATH_SEARCH_PATHS = (
					"$(inherited)",
					"@executable_path/Frameworks",
					"@loader_path/Frameworks",
				);
				MARKETING_VERSION = 1.0;
				PRODUCT_BUNDLE_IDENTIFIER = luka.sarcevic.Model;
				PRODUCT_NAME = "$(TARGET_NAME:c99extidentifier)";
				SKIP_INSTALL = YES;
				SWIFT_EMIT_LOC_STRINGS = YES;
				SWIFT_VERSION = 5.0;
				TARGETED_DEVICE_FAMILY = "1,2";
				VERSIONING_SYSTEM = "apple-generic";
				VERSION_INFO_PREFIX = "";
			};
			name = Release;
		};
		53FD555B26FE169000F43C9C /* Debug */ = {
			isa = XCBuildConfiguration;
			buildSettings = {
				CLANG_ENABLE_MODULES = YES;
				CODE_SIGN_STYLE = Automatic;
				CURRENT_PROJECT_VERSION = 1;
				DEFINES_MODULE = YES;
				DEVELOPMENT_TEAM = 69AX8GLMBG;
				DYLIB_COMPATIBILITY_VERSION = 1;
				DYLIB_CURRENT_VERSION = 1;
				DYLIB_INSTALL_NAME_BASE = "@rpath";
				GENERATE_INFOPLIST_FILE = YES;
				INFOPLIST_KEY_NSHumanReadableCopyright = "";
				INSTALL_PATH = "$(LOCAL_LIBRARY_DIR)/Frameworks";
				LD_RUNPATH_SEARCH_PATHS = (
					"$(inherited)",
					"@executable_path/Frameworks",
					"@loader_path/Frameworks",
				);
				MARKETING_VERSION = 1.0;
				PRODUCT_BUNDLE_IDENTIFIER = luka.sarcevic.Networking;
				PRODUCT_NAME = "$(TARGET_NAME:c99extidentifier)";
				SKIP_INSTALL = YES;
				SWIFT_EMIT_LOC_STRINGS = YES;
				SWIFT_OPTIMIZATION_LEVEL = "-Onone";
				SWIFT_VERSION = 5.0;
				TARGETED_DEVICE_FAMILY = "1,2";
				VERSIONING_SYSTEM = "apple-generic";
				VERSION_INFO_PREFIX = "";
			};
			name = Debug;
		};
		53FD555C26FE169000F43C9C /* Release */ = {
			isa = XCBuildConfiguration;
			buildSettings = {
				CLANG_ENABLE_MODULES = YES;
				CODE_SIGN_STYLE = Automatic;
				CURRENT_PROJECT_VERSION = 1;
				DEFINES_MODULE = YES;
				DEVELOPMENT_TEAM = 69AX8GLMBG;
				DYLIB_COMPATIBILITY_VERSION = 1;
				DYLIB_CURRENT_VERSION = 1;
				DYLIB_INSTALL_NAME_BASE = "@rpath";
				GENERATE_INFOPLIST_FILE = YES;
				INFOPLIST_KEY_NSHumanReadableCopyright = "";
				INSTALL_PATH = "$(LOCAL_LIBRARY_DIR)/Frameworks";
				LD_RUNPATH_SEARCH_PATHS = (
					"$(inherited)",
					"@executable_path/Frameworks",
					"@loader_path/Frameworks",
				);
				MARKETING_VERSION = 1.0;
				PRODUCT_BUNDLE_IDENTIFIER = luka.sarcevic.Networking;
				PRODUCT_NAME = "$(TARGET_NAME:c99extidentifier)";
				SKIP_INSTALL = YES;
				SWIFT_EMIT_LOC_STRINGS = YES;
				SWIFT_VERSION = 5.0;
				TARGETED_DEVICE_FAMILY = "1,2";
				VERSIONING_SYSTEM = "apple-generic";
				VERSION_INFO_PREFIX = "";
			};
			name = Release;
		};
		53FD557D26FE320800F43C9C /* Debug */ = {
			isa = XCBuildConfiguration;
			buildSettings = {
				CODE_SIGN_STYLE = Automatic;
				CURRENT_PROJECT_VERSION = 1;
				DEFINES_MODULE = YES;
				DEVELOPMENT_TEAM = 69AX8GLMBG;
				DYLIB_COMPATIBILITY_VERSION = 1;
				DYLIB_CURRENT_VERSION = 1;
				DYLIB_INSTALL_NAME_BASE = "@rpath";
				GENERATE_INFOPLIST_FILE = YES;
				INFOPLIST_KEY_NSHumanReadableCopyright = "";
				INSTALL_PATH = "$(LOCAL_LIBRARY_DIR)/Frameworks";
				LD_RUNPATH_SEARCH_PATHS = (
					"$(inherited)",
					"@executable_path/Frameworks",
					"@loader_path/Frameworks",
				);
				MARKETING_VERSION = 1.0;
				PRODUCT_BUNDLE_IDENTIFIER = luka.sarcevic.SPMLibaries;
				PRODUCT_NAME = "$(TARGET_NAME:c99extidentifier)";
				SKIP_INSTALL = YES;
				SWIFT_EMIT_LOC_STRINGS = YES;
				SWIFT_VERSION = 5.0;
				TARGETED_DEVICE_FAMILY = "1,2";
				VERSIONING_SYSTEM = "apple-generic";
				VERSION_INFO_PREFIX = "";
			};
			name = Debug;
		};
		53FD557E26FE320800F43C9C /* Release */ = {
			isa = XCBuildConfiguration;
			buildSettings = {
				CODE_SIGN_STYLE = Automatic;
				CURRENT_PROJECT_VERSION = 1;
				DEFINES_MODULE = YES;
				DEVELOPMENT_TEAM = 69AX8GLMBG;
				DYLIB_COMPATIBILITY_VERSION = 1;
				DYLIB_CURRENT_VERSION = 1;
				DYLIB_INSTALL_NAME_BASE = "@rpath";
				GENERATE_INFOPLIST_FILE = YES;
				INFOPLIST_KEY_NSHumanReadableCopyright = "";
				INSTALL_PATH = "$(LOCAL_LIBRARY_DIR)/Frameworks";
				LD_RUNPATH_SEARCH_PATHS = (
					"$(inherited)",
					"@executable_path/Frameworks",
					"@loader_path/Frameworks",
				);
				MARKETING_VERSION = 1.0;
				PRODUCT_BUNDLE_IDENTIFIER = luka.sarcevic.SPMLibaries;
				PRODUCT_NAME = "$(TARGET_NAME:c99extidentifier)";
				SKIP_INSTALL = YES;
				SWIFT_EMIT_LOC_STRINGS = YES;
				SWIFT_VERSION = 5.0;
				TARGETED_DEVICE_FAMILY = "1,2";
				VERSIONING_SYSTEM = "apple-generic";
				VERSION_INFO_PREFIX = "";
			};
			name = Release;
		};
/* End XCBuildConfiguration section */

/* Begin XCConfigurationList section */
		53FD54CA26FD0E2C00F43C9C /* Build configuration list for PBXProject "SpaceX" */ = {
			isa = XCConfigurationList;
			buildConfigurations = (
				53FD54E126FD0E2C00F43C9C /* Debug */,
				53FD54E226FD0E2C00F43C9C /* Release */,
			);
			defaultConfigurationIsVisible = 0;
			defaultConfigurationName = Release;
		};
		53FD54E326FD0E2C00F43C9C /* Build configuration list for PBXNativeTarget "SpaceX" */ = {
			isa = XCConfigurationList;
			buildConfigurations = (
				53FD54E426FD0E2C00F43C9C /* Debug */,
				53FD54E526FD0E2C00F43C9C /* Release */,
			);
			defaultConfigurationIsVisible = 0;
			defaultConfigurationName = Release;
		};
		53FD550126FDD97D00F43C9C /* Build configuration list for PBXNativeTarget "Assets" */ = {
			isa = XCConfigurationList;
			buildConfigurations = (
				53FD550226FDD97D00F43C9C /* Debug */,
				53FD550326FDD97D00F43C9C /* Release */,
			);
			defaultConfigurationIsVisible = 0;
			defaultConfigurationName = Release;
		};
		53FD553F26FDFAAC00F43C9C /* Build configuration list for PBXNativeTarget "Model" */ = {
			isa = XCConfigurationList;
			buildConfigurations = (
				53FD554026FDFAAC00F43C9C /* Debug */,
				53FD554126FDFAAC00F43C9C /* Release */,
			);
			defaultConfigurationIsVisible = 0;
			defaultConfigurationName = Release;
		};
		53FD555A26FE169000F43C9C /* Build configuration list for PBXNativeTarget "Networking" */ = {
			isa = XCConfigurationList;
			buildConfigurations = (
				53FD555B26FE169000F43C9C /* Debug */,
				53FD555C26FE169000F43C9C /* Release */,
			);
			defaultConfigurationIsVisible = 0;
			defaultConfigurationName = Release;
		};
		53FD557C26FE320800F43C9C /* Build configuration list for PBXNativeTarget "SPMLibaries" */ = {
			isa = XCConfigurationList;
			buildConfigurations = (
				53FD557D26FE320800F43C9C /* Debug */,
				53FD557E26FE320800F43C9C /* Release */,
			);
			defaultConfigurationIsVisible = 0;
			defaultConfigurationName = Release;
		};
/* End XCConfigurationList section */

/* Begin XCRemoteSwiftPackageReference section */
		53FD54E626FDD5EE00F43C9C /* XCRemoteSwiftPackageReference "Alamofire" */ = {
			isa = XCRemoteSwiftPackageReference;
			repositoryURL = "https://github.com/Alamofire/Alamofire.git";
			requirement = {
				kind = upToNextMajorVersion;
				minimumVersion = 5.0.0;
			};
		};
		53FD54E926FDD63C00F43C9C /* XCRemoteSwiftPackageReference "Kingfisher" */ = {
			isa = XCRemoteSwiftPackageReference;
			repositoryURL = "https://github.com/onevcat/Kingfisher.git";
			requirement = {
				kind = upToNextMajorVersion;
				minimumVersion = 7.0.0;
			};
		};
		53FD54EC26FDD67600F43C9C /* XCRemoteSwiftPackageReference "promises" */ = {
			isa = XCRemoteSwiftPackageReference;
			repositoryURL = "https://github.com/google/promises.git";
			requirement = {
				kind = upToNextMajorVersion;
				minimumVersion = 2.0.0;
			};
		};
		53FD54EF26FDD76000F43C9C /* XCRemoteSwiftPackageReference "SnapKit" */ = {
			isa = XCRemoteSwiftPackageReference;
			repositoryURL = "https://github.com/SnapKit/SnapKit.git";
			requirement = {
				kind = upToNextMajorVersion;
				minimumVersion = 5.0.0;
			};
		};
/* End XCRemoteSwiftPackageReference section */

/* Begin XCSwiftPackageProductDependency section */
		53FD558026FE323B00F43C9C /* Alamofire */ = {
			isa = XCSwiftPackageProductDependency;
			package = 53FD54E626FDD5EE00F43C9C /* XCRemoteSwiftPackageReference "Alamofire" */;
			productName = Alamofire;
		};
		53FD558226FE324100F43C9C /* SnapKit */ = {
			isa = XCSwiftPackageProductDependency;
			package = 53FD54EF26FDD76000F43C9C /* XCRemoteSwiftPackageReference "SnapKit" */;
			productName = SnapKit;
		};
		53FD558426FE324700F43C9C /* Promises */ = {
			isa = XCSwiftPackageProductDependency;
			package = 53FD54EC26FDD67600F43C9C /* XCRemoteSwiftPackageReference "promises" */;
			productName = Promises;
		};
		53FD558626FE324F00F43C9C /* Kingfisher */ = {
			isa = XCSwiftPackageProductDependency;
			package = 53FD54E926FDD63C00F43C9C /* XCRemoteSwiftPackageReference "Kingfisher" */;
			productName = Kingfisher;
		};
/* End XCSwiftPackageProductDependency section */
	};
	rootObject = 53FD54C726FD0E2C00F43C9C /* Project object */;
}
