// !$*UTF8*$!
{
	archiveVersion = 1;
	classes = {
	};
	objectVersion = 55;
	objects = {

/* Begin PBXBuildFile section */
		53FD54D326FD0E2C00F43C9C /* AppDelegate.swift in Sources */ = {isa = PBXBuildFile; fileRef = 53FD54D226FD0E2C00F43C9C /* AppDelegate.swift */; };
		53FD54D526FD0E2C00F43C9C /* SceneDelegate.swift in Sources */ = {isa = PBXBuildFile; fileRef = 53FD54D426FD0E2C00F43C9C /* SceneDelegate.swift */; };
		53FD54D726FD0E2C00F43C9C /* ViewController.swift in Sources */ = {isa = PBXBuildFile; fileRef = 53FD54D626FD0E2C00F43C9C /* ViewController.swift */; };
		53FD54DA26FD0E2C00F43C9C /* Main.storyboard in Resources */ = {isa = PBXBuildFile; fileRef = 53FD54D826FD0E2C00F43C9C /* Main.storyboard */; };
		53FD54DC26FD0E2C00F43C9C /* Assets.xcassets in Resources */ = {isa = PBXBuildFile; fileRef = 53FD54DB26FD0E2C00F43C9C /* Assets.xcassets */; };
		53FD54DF26FD0E2C00F43C9C /* LaunchScreen.storyboard in Resources */ = {isa = PBXBuildFile; fileRef = 53FD54DD26FD0E2C00F43C9C /* LaunchScreen.storyboard */; };
		53FD54E826FDD5EE00F43C9C /* Alamofire in Frameworks */ = {isa = PBXBuildFile; productRef = 53FD54E726FDD5EE00F43C9C /* Alamofire */; };
		53FD54EB26FDD63C00F43C9C /* Kingfisher in Frameworks */ = {isa = PBXBuildFile; productRef = 53FD54EA26FDD63C00F43C9C /* Kingfisher */; };
		53FD54EE26FDD67600F43C9C /* Promises in Frameworks */ = {isa = PBXBuildFile; productRef = 53FD54ED26FDD67600F43C9C /* Promises */; };
		53FD54F126FDD76000F43C9C /* SnapKit in Frameworks */ = {isa = PBXBuildFile; productRef = 53FD54F026FDD76000F43C9C /* SnapKit */; };
/* End PBXBuildFile section */

/* Begin PBXFileReference section */
		53FD54CF26FD0E2C00F43C9C /* SpaceX.app */ = {isa = PBXFileReference; explicitFileType = wrapper.application; includeInIndex = 0; path = SpaceX.app; sourceTree = BUILT_PRODUCTS_DIR; };
		53FD54D226FD0E2C00F43C9C /* AppDelegate.swift */ = {isa = PBXFileReference; lastKnownFileType = sourcecode.swift; path = AppDelegate.swift; sourceTree = "<group>"; };
		53FD54D426FD0E2C00F43C9C /* SceneDelegate.swift */ = {isa = PBXFileReference; lastKnownFileType = sourcecode.swift; path = SceneDelegate.swift; sourceTree = "<group>"; };
		53FD54D626FD0E2C00F43C9C /* ViewController.swift */ = {isa = PBXFileReference; lastKnownFileType = sourcecode.swift; path = ViewController.swift; sourceTree = "<group>"; };
		53FD54D926FD0E2C00F43C9C /* Base */ = {isa = PBXFileReference; lastKnownFileType = file.storyboard; name = Base; path = Base.lproj/Main.storyboard; sourceTree = "<group>"; };
		53FD54DB26FD0E2C00F43C9C /* Assets.xcassets */ = {isa = PBXFileReference; lastKnownFileType = folder.assetcatalog; path = Assets.xcassets; sourceTree = "<group>"; };
		53FD54DE26FD0E2C00F43C9C /* Base */ = {isa = PBXFileReference; lastKnownFileType = file.storyboard; name = Base; path = Base.lproj/LaunchScreen.storyboard; sourceTree = "<group>"; };
		53FD54E026FD0E2C00F43C9C /* Info.plist */ = {isa = PBXFileReference; lastKnownFileType = text.plist.xml; path = Info.plist; sourceTree = "<group>"; };
/* End PBXFileReference section */

/* Begin PBXFrameworksBuildPhase section */
		53FD54CC26FD0E2C00F43C9C /* Frameworks */ = {
			isa = PBXFrameworksBuildPhase;
			buildActionMask = 2147483647;
			files = (
				53FD54EB26FDD63C00F43C9C /* Kingfisher in Frameworks */,
				53FD54F126FDD76000F43C9C /* SnapKit in Frameworks */,
				53FD54E826FDD5EE00F43C9C /* Alamofire in Frameworks */,
				53FD54EE26FDD67600F43C9C /* Promises in Frameworks */,
			);
			runOnlyForDeploymentPostprocessing = 0;
		};
/* End PBXFrameworksBuildPhase section */

/* Begin PBXGroup section */
		53FD54C626FD0E2C00F43C9C = {
			isa = PBXGroup;
			children = (
				53FD54D126FD0E2C00F43C9C /* SpaceX */,
				53FD54D026FD0E2C00F43C9C /* Products */,
			);
			sourceTree = "<group>";
		};
		53FD54D026FD0E2C00F43C9C /* Products */ = {
			isa = PBXGroup;
			children = (
				53FD54CF26FD0E2C00F43C9C /* SpaceX.app */,
			);
			name = Products;
			sourceTree = "<group>";
		};
		53FD54D126FD0E2C00F43C9C /* SpaceX */ = {
			isa = PBXGroup;
			children = (
				53FD54D226FD0E2C00F43C9C /* AppDelegate.swift */,
				53FD54D426FD0E2C00F43C9C /* SceneDelegate.swift */,
				53FD54D626FD0E2C00F43C9C /* ViewController.swift */,
				53FD54D826FD0E2C00F43C9C /* Main.storyboard */,
				53FD54DB26FD0E2C00F43C9C /* Assets.xcassets */,
				53FD54DD26FD0E2C00F43C9C /* LaunchScreen.storyboard */,
				53FD54E026FD0E2C00F43C9C /* Info.plist */,
			);
			path = SpaceX;
			sourceTree = "<group>";
		};
/* End PBXGroup section */

/* Begin PBXNativeTarget section */
		53FD54CE26FD0E2C00F43C9C /* SpaceX */ = {
			isa = PBXNativeTarget;
			buildConfigurationList = 53FD54E326FD0E2C00F43C9C /* Build configuration list for PBXNativeTarget "SpaceX" */;
			buildPhases = (
				53FD54CB26FD0E2C00F43C9C /* Sources */,
				53FD54CC26FD0E2C00F43C9C /* Frameworks */,
				53FD54CD26FD0E2C00F43C9C /* Resources */,
			);
			buildRules = (
			);
			dependencies = (
			);
			name = SpaceX;
			packageProductDependencies = (
				53FD54E726FDD5EE00F43C9C /* Alamofire */,
				53FD54EA26FDD63C00F43C9C /* Kingfisher */,
				53FD54ED26FDD67600F43C9C /* Promises */,
				53FD54F026FDD76000F43C9C /* SnapKit */,
			);
			productName = SpaceX;
			productReference = 53FD54CF26FD0E2C00F43C9C /* SpaceX.app */;
			productType = "com.apple.product-type.application";
		};
/* End PBXNativeTarget section */

/* Begin PBXProject section */
		53FD54C726FD0E2C00F43C9C /* Project object */ = {
			isa = PBXProject;
			attributes = {
				BuildIndependentTargetsInParallel = 1;
				LastSwiftUpdateCheck = 1300;
				LastUpgradeCheck = 1300;
				TargetAttributes = {
					53FD54CE26FD0E2C00F43C9C = {
						CreatedOnToolsVersion = 13.0;
					};
				};
			};
			buildConfigurationList = 53FD54CA26FD0E2C00F43C9C /* Build configuration list for PBXProject "SpaceX" */;
			compatibilityVersion = "Xcode 13.0";
			developmentRegion = en;
			hasScannedForEncodings = 0;
			knownRegions = (
				en,
				Base,
			);
			mainGroup = 53FD54C626FD0E2C00F43C9C;
			packageReferences = (
				53FD54E626FDD5EE00F43C9C /* XCRemoteSwiftPackageReference "Alamofire" */,
				53FD54E926FDD63C00F43C9C /* XCRemoteSwiftPackageReference "Kingfisher" */,
				53FD54EC26FDD67600F43C9C /* XCRemoteSwiftPackageReference "promises" */,
				53FD54EF26FDD76000F43C9C /* XCRemoteSwiftPackageReference "SnapKit" */,
			);
			productRefGroup = 53FD54D026FD0E2C00F43C9C /* Products */;
			projectDirPath = "";
			projectRoot = "";
			targets = (
				53FD54CE26FD0E2C00F43C9C /* SpaceX */,
			);
		};
/* End PBXProject section */

/* Begin PBXResourcesBuildPhase section */
		53FD54CD26FD0E2C00F43C9C /* Resources */ = {
			isa = PBXResourcesBuildPhase;
			buildActionMask = 2147483647;
			files = (
				53FD54DF26FD0E2C00F43C9C /* LaunchScreen.storyboard in Resources */,
				53FD54DC26FD0E2C00F43C9C /* Assets.xcassets in Resources */,
				53FD54DA26FD0E2C00F43C9C /* Main.storyboard in Resources */,
			);
			runOnlyForDeploymentPostprocessing = 0;
		};
/* End PBXResourcesBuildPhase section */

/* Begin PBXSourcesBuildPhase section */
		53FD54CB26FD0E2C00F43C9C /* Sources */ = {
			isa = PBXSourcesBuildPhase;
			buildActionMask = 2147483647;
			files = (
				53FD54D726FD0E2C00F43C9C /* ViewController.swift in Sources */,
				53FD54D326FD0E2C00F43C9C /* AppDelegate.swift in Sources */,
				53FD54D526FD0E2C00F43C9C /* SceneDelegate.swift in Sources */,
			);
			runOnlyForDeploymentPostprocessing = 0;
		};
/* End PBXSourcesBuildPhase section */

/* Begin PBXVariantGroup section */
		53FD54D826FD0E2C00F43C9C /* Main.storyboard */ = {
			isa = PBXVariantGroup;
			children = (
				53FD54D926FD0E2C00F43C9C /* Base */,
			);
			name = Main.storyboard;
			sourceTree = "<group>";
		};
		53FD54DD26FD0E2C00F43C9C /* LaunchScreen.storyboard */ = {
			isa = PBXVariantGroup;
			children = (
				53FD54DE26FD0E2C00F43C9C /* Base */,
			);
			name = LaunchScreen.storyboard;
			sourceTree = "<group>";
		};
/* End PBXVariantGroup section */

/* Begin XCBuildConfiguration section */
		53FD54E126FD0E2C00F43C9C /* Debug */ = {
			isa = XCBuildConfiguration;
			buildSettings = {
				ALWAYS_SEARCH_USER_PATHS = NO;
				CLANG_ANALYZER_NONNULL = YES;
				CLANG_ANALYZER_NUMBER_OBJECT_CONVERSION = YES_AGGRESSIVE;
				CLANG_CXX_LANGUAGE_STANDARD = "gnu++17";
				CLANG_CXX_LIBRARY = "libc++";
				CLANG_ENABLE_MODULES = YES;
				CLANG_ENABLE_OBJC_ARC = YES;
				CLANG_ENABLE_OBJC_WEAK = YES;
				CLANG_WARN_BLOCK_CAPTURE_AUTORELEASING = YES;
				CLANG_WARN_BOOL_CONVERSION = YES;
				CLANG_WARN_COMMA = YES;
				CLANG_WARN_CONSTANT_CONVERSION = YES;
				CLANG_WARN_DEPRECATED_OBJC_IMPLEMENTATIONS = YES;
				CLANG_WARN_DIRECT_OBJC_ISA_USAGE = YES_ERROR;
				CLANG_WARN_DOCUMENTATION_COMMENTS = YES;
				CLANG_WARN_EMPTY_BODY = YES;
				CLANG_WARN_ENUM_CONVERSION = YES;
				CLANG_WARN_INFINITE_RECURSION = YES;
				CLANG_WARN_INT_CONVERSION = YES;
				CLANG_WARN_NON_LITERAL_NULL_CONVERSION = YES;
				CLANG_WARN_OBJC_IMPLICIT_RETAIN_SELF = YES;
				CLANG_WARN_OBJC_LITERAL_CONVERSION = YES;
				CLANG_WARN_OBJC_ROOT_CLASS = YES_ERROR;
				CLANG_WARN_QUOTED_INCLUDE_IN_FRAMEWORK_HEADER = YES;
				CLANG_WARN_RANGE_LOOP_ANALYSIS = YES;
				CLANG_WARN_STRICT_PROTOTYPES = YES;
				CLANG_WARN_SUSPICIOUS_MOVE = YES;
				CLANG_WARN_UNGUARDED_AVAILABILITY = YES_AGGRESSIVE;
				CLANG_WARN_UNREACHABLE_CODE = YES;
				CLANG_WARN__DUPLICATE_METHOD_MATCH = YES;
				COPY_PHASE_STRIP = NO;
				DEBUG_INFORMATION_FORMAT = dwarf;
				ENABLE_STRICT_OBJC_MSGSEND = YES;
				ENABLE_TESTABILITY = YES;
				GCC_C_LANGUAGE_STANDARD = gnu11;
				GCC_DYNAMIC_NO_PIC = NO;
				GCC_NO_COMMON_BLOCKS = YES;
				GCC_OPTIMIZATION_LEVEL = 0;
				GCC_PREPROCESSOR_DEFINITIONS = (
					"DEBUG=1",
					"$(inherited)",
				);
				GCC_WARN_64_TO_32_BIT_CONVERSION = YES;
				GCC_WARN_ABOUT_RETURN_TYPE = YES_ERROR;
				GCC_WARN_UNDECLARED_SELECTOR = YES;
				GCC_WARN_UNINITIALIZED_AUTOS = YES_AGGRESSIVE;
				GCC_WARN_UNUSED_FUNCTION = YES;
				GCC_WARN_UNUSED_VARIABLE = YES;
				IPHONEOS_DEPLOYMENT_TARGET = 15.0;
				MTL_ENABLE_DEBUG_INFO = INCLUDE_SOURCE;
				MTL_FAST_MATH = YES;
				ONLY_ACTIVE_ARCH = YES;
				SDKROOT = iphoneos;
				SWIFT_ACTIVE_COMPILATION_CONDITIONS = DEBUG;
				SWIFT_OPTIMIZATION_LEVEL = "-Onone";
			};
			name = Debug;
		};
		53FD54E226FD0E2C00F43C9C /* Release */ = {
			isa = XCBuildConfiguration;
			buildSettings = {
				ALWAYS_SEARCH_USER_PATHS = NO;
				CLANG_ANALYZER_NONNULL = YES;
				CLANG_ANALYZER_NUMBER_OBJECT_CONVERSION = YES_AGGRESSIVE;
				CLANG_CXX_LANGUAGE_STANDARD = "gnu++17";
				CLANG_CXX_LIBRARY = "libc++";
				CLANG_ENABLE_MODULES = YES;
				CLANG_ENABLE_OBJC_ARC = YES;
				CLANG_ENABLE_OBJC_WEAK = YES;
				CLANG_WARN_BLOCK_CAPTURE_AUTORELEASING = YES;
				CLANG_WARN_BOOL_CONVERSION = YES;
				CLANG_WARN_COMMA = YES;
				CLANG_WARN_CONSTANT_CONVERSION = YES;
				CLANG_WARN_DEPRECATED_OBJC_IMPLEMENTATIONS = YES;
				CLANG_WARN_DIRECT_OBJC_ISA_USAGE = YES_ERROR;
				CLANG_WARN_DOCUMENTATION_COMMENTS = YES;
				CLANG_WARN_EMPTY_BODY = YES;
				CLANG_WARN_ENUM_CONVERSION = YES;
				CLANG_WARN_INFINITE_RECURSION = YES;
				CLANG_WARN_INT_CONVERSION = YES;
				CLANG_WARN_NON_LITERAL_NULL_CONVERSION = YES;
				CLANG_WARN_OBJC_IMPLICIT_RETAIN_SELF = YES;
				CLANG_WARN_OBJC_LITERAL_CONVERSION = YES;
				CLANG_WARN_OBJC_ROOT_CLASS = YES_ERROR;
				CLANG_WARN_QUOTED_INCLUDE_IN_FRAMEWORK_HEADER = YES;
				CLANG_WARN_RANGE_LOOP_ANALYSIS = YES;
				CLANG_WARN_STRICT_PROTOTYPES = YES;
				CLANG_WARN_SUSPICIOUS_MOVE = YES;
				CLANG_WARN_UNGUARDED_AVAILABILITY = YES_AGGRESSIVE;
				CLANG_WARN_UNREACHABLE_CODE = YES;
				CLANG_WARN__DUPLICATE_METHOD_MATCH = YES;
				COPY_PHASE_STRIP = NO;
				DEBUG_INFORMATION_FORMAT = "dwarf-with-dsym";
				ENABLE_NS_ASSERTIONS = NO;
				ENABLE_STRICT_OBJC_MSGSEND = YES;
				GCC_C_LANGUAGE_STANDARD = gnu11;
				GCC_NO_COMMON_BLOCKS = YES;
				GCC_WARN_64_TO_32_BIT_CONVERSION = YES;
				GCC_WARN_ABOUT_RETURN_TYPE = YES_ERROR;
				GCC_WARN_UNDECLARED_SELECTOR = YES;
				GCC_WARN_UNINITIALIZED_AUTOS = YES_AGGRESSIVE;
				GCC_WARN_UNUSED_FUNCTION = YES;
				GCC_WARN_UNUSED_VARIABLE = YES;
				IPHONEOS_DEPLOYMENT_TARGET = 15.0;
				MTL_ENABLE_DEBUG_INFO = NO;
				MTL_FAST_MATH = YES;
				SDKROOT = iphoneos;
				SWIFT_COMPILATION_MODE = wholemodule;
				SWIFT_OPTIMIZATION_LEVEL = "-O";
				VALIDATE_PRODUCT = YES;
			};
			name = Release;
		};
		53FD54E426FD0E2C00F43C9C /* Debug */ = {
			isa = XCBuildConfiguration;
			buildSettings = {
				ASSETCATALOG_COMPILER_APPICON_NAME = AppIcon;
				ASSETCATALOG_COMPILER_GLOBAL_ACCENT_COLOR_NAME = AccentColor;
				CODE_SIGN_STYLE = Automatic;
				CURRENT_PROJECT_VERSION = 1;
				DEVELOPMENT_TEAM = VJVL8D83F6;
				GENERATE_INFOPLIST_FILE = YES;
				INFOPLIST_FILE = SpaceX/Info.plist;
				INFOPLIST_KEY_UIApplicationSupportsIndirectInputEvents = YES;
				INFOPLIST_KEY_UILaunchStoryboardName = LaunchScreen;
				INFOPLIST_KEY_UIMainStoryboardFile = Main;
				INFOPLIST_KEY_UISupportedInterfaceOrientations_iPad = "UIInterfaceOrientationPortrait UIInterfaceOrientationPortraitUpsideDown UIInterfaceOrientationLandscapeLeft UIInterfaceOrientationLandscapeRight";
				INFOPLIST_KEY_UISupportedInterfaceOrientations_iPhone = "UIInterfaceOrientationPortrait UIInterfaceOrientationLandscapeLeft UIInterfaceOrientationLandscapeRight";
				LD_RUNPATH_SEARCH_PATHS = (
					"$(inherited)",
					"@executable_path/Frameworks",
				);
				MARKETING_VERSION = 1.0;
				PRODUCT_BUNDLE_IDENTIFIER = luka.sarcevic.SpaceX;
				PRODUCT_NAME = "$(TARGET_NAME)";
				SWIFT_EMIT_LOC_STRINGS = YES;
				SWIFT_VERSION = 5.0;
				TARGETED_DEVICE_FAMILY = "1,2";
			};
			name = Debug;
		};
		53FD54E526FD0E2C00F43C9C /* Release */ = {
			isa = XCBuildConfiguration;
			buildSettings = {
				ASSETCATALOG_COMPILER_APPICON_NAME = AppIcon;
				ASSETCATALOG_COMPILER_GLOBAL_ACCENT_COLOR_NAME = AccentColor;
				CODE_SIGN_STYLE = Automatic;
				CURRENT_PROJECT_VERSION = 1;
				DEVELOPMENT_TEAM = VJVL8D83F6;
				GENERATE_INFOPLIST_FILE = YES;
				INFOPLIST_FILE = SpaceX/Info.plist;
				INFOPLIST_KEY_UIApplicationSupportsIndirectInputEvents = YES;
				INFOPLIST_KEY_UILaunchStoryboardName = LaunchScreen;
				INFOPLIST_KEY_UIMainStoryboardFile = Main;
				INFOPLIST_KEY_UISupportedInterfaceOrientations_iPad = "UIInterfaceOrientationPortrait UIInterfaceOrientationPortraitUpsideDown UIInterfaceOrientationLandscapeLeft UIInterfaceOrientationLandscapeRight";
				INFOPLIST_KEY_UISupportedInterfaceOrientations_iPhone = "UIInterfaceOrientationPortrait UIInterfaceOrientationLandscapeLeft UIInterfaceOrientationLandscapeRight";
				LD_RUNPATH_SEARCH_PATHS = (
					"$(inherited)",
					"@executable_path/Frameworks",
				);
				MARKETING_VERSION = 1.0;
				PRODUCT_BUNDLE_IDENTIFIER = luka.sarcevic.SpaceX;
				PRODUCT_NAME = "$(TARGET_NAME)";
				SWIFT_EMIT_LOC_STRINGS = YES;
				SWIFT_VERSION = 5.0;
				TARGETED_DEVICE_FAMILY = "1,2";
			};
			name = Release;
		};
/* End XCBuildConfiguration section */

/* Begin XCConfigurationList section */
		53FD54CA26FD0E2C00F43C9C /* Build configuration list for PBXProject "SpaceX" */ = {
			isa = XCConfigurationList;
			buildConfigurations = (
				53FD54E126FD0E2C00F43C9C /* Debug */,
				53FD54E226FD0E2C00F43C9C /* Release */,
			);
			defaultConfigurationIsVisible = 0;
			defaultConfigurationName = Release;
		};
		53FD54E326FD0E2C00F43C9C /* Build configuration list for PBXNativeTarget "SpaceX" */ = {
			isa = XCConfigurationList;
			buildConfigurations = (
				53FD54E426FD0E2C00F43C9C /* Debug */,
				53FD54E526FD0E2C00F43C9C /* Release */,
			);
			defaultConfigurationIsVisible = 0;
			defaultConfigurationName = Release;
		};
/* End XCConfigurationList section */

/* Begin XCRemoteSwiftPackageReference section */
		53FD54E626FDD5EE00F43C9C /* XCRemoteSwiftPackageReference "Alamofire" */ = {
			isa = XCRemoteSwiftPackageReference;
			repositoryURL = "https://github.com/Alamofire/Alamofire.git";
			requirement = {
				kind = upToNextMajorVersion;
				minimumVersion = 5.0.0;
			};
		};
		53FD54E926FDD63C00F43C9C /* XCRemoteSwiftPackageReference "Kingfisher" */ = {
			isa = XCRemoteSwiftPackageReference;
			repositoryURL = "https://github.com/onevcat/Kingfisher.git";
			requirement = {
				kind = upToNextMajorVersion;
				minimumVersion = 7.0.0;
			};
		};
		53FD54EC26FDD67600F43C9C /* XCRemoteSwiftPackageReference "promises" */ = {
			isa = XCRemoteSwiftPackageReference;
			repositoryURL = "https://github.com/google/promises.git";
			requirement = {
				kind = upToNextMajorVersion;
				minimumVersion = 2.0.0;
			};
		};
		53FD54EF26FDD76000F43C9C /* XCRemoteSwiftPackageReference "SnapKit" */ = {
			isa = XCRemoteSwiftPackageReference;
			repositoryURL = "https://github.com/SnapKit/SnapKit.git";
			requirement = {
				kind = upToNextMajorVersion;
				minimumVersion = 5.0.0;
			};
		};
/* End XCRemoteSwiftPackageReference section */

/* Begin XCSwiftPackageProductDependency section */
		53FD54E726FDD5EE00F43C9C /* Alamofire */ = {
			isa = XCSwiftPackageProductDependency;
			package = 53FD54E626FDD5EE00F43C9C /* XCRemoteSwiftPackageReference "Alamofire" */;
			productName = Alamofire;
		};
		53FD54EA26FDD63C00F43C9C /* Kingfisher */ = {
			isa = XCSwiftPackageProductDependency;
			package = 53FD54E926FDD63C00F43C9C /* XCRemoteSwiftPackageReference "Kingfisher" */;
			productName = Kingfisher;
		};
		53FD54ED26FDD67600F43C9C /* Promises */ = {
			isa = XCSwiftPackageProductDependency;
			package = 53FD54EC26FDD67600F43C9C /* XCRemoteSwiftPackageReference "promises" */;
			productName = Promises;
		};
		53FD54F026FDD76000F43C9C /* SnapKit */ = {
			isa = XCSwiftPackageProductDependency;
			package = 53FD54EF26FDD76000F43C9C /* XCRemoteSwiftPackageReference "SnapKit" */;
			productName = SnapKit;
		};
/* End XCSwiftPackageProductDependency section */
	};
	rootObject = 53FD54C726FD0E2C00F43C9C /* Project object */;
}
